{
  "version": 4,
  "terraform_version": "1.9.6",
  "serial": 90,
  "lineage": "19ef8306-caaf-b941-14ea-1070045cdbed",
  "outputs": {
    "cloudfront_domain_name": {
      "value": "d16r2575pyr9rp.cloudfront.net",
      "type": "string"
    },
    "frontend_lb_dns_name": {
      "value": "frontend-lb-1855407254.us-east-1.elb.amazonaws.com",
      "type": "string"
    }
  },
  "resources": [
    {
      "module": "module.appserver_elb",
      "mode": "managed",
      "type": "aws_lb",
      "name": "backend_lb",
      "provider": "provider[\"registry.terraform.io/hashicorp/aws\"]",
      "instances": [
        {
          "schema_version": 0,
          "attributes": {
            "access_logs": [
              {
                "bucket": "",
                "enabled": false,
                "prefix": ""
              }
            ],
            "arn": "arn:aws:elasticloadbalancing:us-east-1:689587120140:loadbalancer/app/appserver-lb/1ba68f6bc32ecc7f",
            "arn_suffix": "app/appserver-lb/1ba68f6bc32ecc7f",
            "client_keep_alive": 3600,
            "connection_logs": [
              {
                "bucket": "",
                "enabled": false,
                "prefix": ""
              }
            ],
            "customer_owned_ipv4_pool": "",
            "desync_mitigation_mode": "defensive",
            "dns_name": "appserver-lb-1101408769.us-east-1.elb.amazonaws.com",
            "dns_record_client_routing_policy": null,
            "drop_invalid_header_fields": false,
            "enable_cross_zone_load_balancing": true,
            "enable_deletion_protection": false,
            "enable_http2": true,
            "enable_tls_version_and_cipher_suite_headers": false,
            "enable_waf_fail_open": false,
            "enable_xff_client_port": false,
            "enforce_security_group_inbound_rules_on_private_link_traffic": "",
            "id": "arn:aws:elasticloadbalancing:us-east-1:689587120140:loadbalancer/app/appserver-lb/1ba68f6bc32ecc7f",
            "idle_timeout": 60,
            "internal": false,
            "ip_address_type": "ipv4",
            "load_balancer_type": "application",
            "name": "appserver-lb",
            "name_prefix": "",
            "preserve_host_header": false,
            "security_groups": [
              "sg-0f9f3a28a0645e6cb"
            ],
            "subnet_mapping": [
              {
                "allocation_id": "",
                "ipv6_address": "",
                "outpost_id": "",
                "private_ipv4_address": "",
                "subnet_id": "subnet-0ddee619789c4da7d"
              },
              {
                "allocation_id": "",
                "ipv6_address": "",
                "outpost_id": "",
                "private_ipv4_address": "",
                "subnet_id": "subnet-0f907c72667c5de1b"
              }
            ],
            "subnets": [
              "subnet-0ddee619789c4da7d",
              "subnet-0f907c72667c5de1b"
            ],
            "tags": {
              "Environment": "test"
            },
            "tags_all": {
              "Environment": "test"
            },
            "timeouts": null,
            "vpc_id": "vpc-051d33c1a610f8534",
            "xff_header_processing_mode": "append",
            "zone_id": "Z35SXDOTRQ7X7K"
          },
          "sensitive_attributes": [],
          "private": "eyJlMmJmYjczMC1lY2FhLTExZTYtOGY4OC0zNDM2M2JjN2M0YzAiOnsiY3JlYXRlIjo2MDAwMDAwMDAwMDAsImRlbGV0ZSI6NjAwMDAwMDAwMDAwLCJ1cGRhdGUiOjYwMDAwMDAwMDAwMH19",
          "dependencies": [
            "module.appserver_elb.aws_security_group.appserver_elb_sg",
            "module.vpc.aws_subnet.cloudforce_privateA",
            "module.vpc.aws_subnet.cloudforce_privateB",
            "module.vpc.aws_vpc.cloudforce_vpc"
          ]
        }
      ]
    },
    {
      "module": "module.appserver_elb",
      "mode": "managed",
      "type": "aws_lb_listener",
      "name": "frontendListener",
      "provider": "provider[\"registry.terraform.io/hashicorp/aws\"]",
      "instances": [
        {
          "schema_version": 0,
          "attributes": {
            "alpn_policy": null,
            "arn": "arn:aws:elasticloadbalancing:us-east-1:689587120140:listener/app/appserver-lb/1ba68f6bc32ecc7f/8c6434a4a5a1ecd3",
            "certificate_arn": null,
            "default_action": [
              {
                "authenticate_cognito": [],
                "authenticate_oidc": [],
                "fixed_response": [],
                "forward": [],
                "order": 1,
                "redirect": [],
                "target_group_arn": "arn:aws:elasticloadbalancing:us-east-1:689587120140:targetgroup/appserverTG/646e107fd91c2900",
                "type": "forward"
              }
            ],
            "id": "arn:aws:elasticloadbalancing:us-east-1:689587120140:listener/app/appserver-lb/1ba68f6bc32ecc7f/8c6434a4a5a1ecd3",
            "load_balancer_arn": "arn:aws:elasticloadbalancing:us-east-1:689587120140:loadbalancer/app/appserver-lb/1ba68f6bc32ecc7f",
            "mutual_authentication": [],
            "port": 80,
            "protocol": "HTTP",
            "ssl_policy": "",
            "tags": {},
            "tags_all": {},
            "timeouts": null
          },
          "sensitive_attributes": [],
          "private": "eyJlMmJmYjczMC1lY2FhLTExZTYtOGY4OC0zNDM2M2JjN2M0YzAiOnsiY3JlYXRlIjozMDAwMDAwMDAwMDAsInVwZGF0ZSI6MzAwMDAwMDAwMDAwfX0=",
          "dependencies": [
            "module.appserver_elb.aws_lb.backend_lb",
            "module.appserver_elb.aws_lb_target_group.appserverTG",
            "module.appserver_elb.aws_security_group.appserver_elb_sg",
            "module.vpc.aws_subnet.cloudforce_privateA",
            "module.vpc.aws_subnet.cloudforce_privateB",
            "module.vpc.aws_vpc.cloudforce_vpc"
          ]
        }
      ]
    },
    {
      "module": "module.appserver_elb",
      "mode": "managed",
      "type": "aws_lb_target_group",
      "name": "appserverTG",
      "provider": "provider[\"registry.terraform.io/hashicorp/aws\"]",
      "instances": [
        {
          "schema_version": 0,
          "attributes": {
            "arn": "arn:aws:elasticloadbalancing:us-east-1:689587120140:targetgroup/appserverTG/646e107fd91c2900",
            "arn_suffix": "targetgroup/appserverTG/646e107fd91c2900",
            "connection_termination": null,
            "deregistration_delay": "300",
            "health_check": [
              {
                "enabled": true,
                "healthy_threshold": 3,
                "interval": 30,
                "matcher": "200",
                "path": "/",
                "port": "80",
                "protocol": "HTTP",
                "timeout": 5,
                "unhealthy_threshold": 3
              }
            ],
            "id": "arn:aws:elasticloadbalancing:us-east-1:689587120140:targetgroup/appserverTG/646e107fd91c2900",
            "ip_address_type": "ipv4",
            "lambda_multi_value_headers_enabled": false,
            "load_balancer_arns": [
              "arn:aws:elasticloadbalancing:us-east-1:689587120140:loadbalancer/app/appserver-lb/1ba68f6bc32ecc7f"
            ],
            "load_balancing_algorithm_type": "round_robin",
            "load_balancing_anomaly_mitigation": "off",
            "load_balancing_cross_zone_enabled": "use_load_balancer_configuration",
            "name": "appserverTG",
            "name_prefix": "",
            "port": 80,
            "preserve_client_ip": null,
            "protocol": "HTTP",
            "protocol_version": "HTTP1",
            "proxy_protocol_v2": false,
            "slow_start": 0,
            "stickiness": [
              {
                "cookie_duration": 86400,
                "cookie_name": "",
                "enabled": false,
                "type": "lb_cookie"
              }
            ],
            "tags": {},
            "tags_all": {},
            "target_failover": [
              {
                "on_deregistration": null,
                "on_unhealthy": null
              }
            ],
            "target_group_health": [
              {
                "dns_failover": [
                  {
                    "minimum_healthy_targets_count": "1",
                    "minimum_healthy_targets_percentage": "off"
                  }
                ],
                "unhealthy_state_routing": [
                  {
                    "minimum_healthy_targets_count": 1,
                    "minimum_healthy_targets_percentage": "off"
                  }
                ]
              }
            ],
            "target_health_state": [
              {
                "enable_unhealthy_connection_termination": null,
                "unhealthy_draining_interval": null
              }
            ],
            "target_type": "instance",
            "vpc_id": "vpc-051d33c1a610f8534"
          },
          "sensitive_attributes": [],
          "private": "bnVsbA==",
          "dependencies": [
            "module.vpc.aws_vpc.cloudforce_vpc"
          ]
        }
      ]
    },
    {
      "module": "module.appserver_elb",
      "mode": "managed",
      "type": "aws_security_group",
      "name": "appserver_elb_sg",
      "provider": "provider[\"registry.terraform.io/hashicorp/aws\"]",
      "instances": [
        {
          "schema_version": 1,
          "attributes": {
            "arn": "arn:aws:ec2:us-east-1:689587120140:security-group/sg-0f9f3a28a0645e6cb",
            "description": "allow traffic from port 80 \u0026 allow all outgoing traffic",
            "egress": [
              {
                "cidr_blocks": [],
                "description": "Allow outbound traffic to app servers",
                "from_port": 0,
                "ipv6_cidr_blocks": [],
                "prefix_list_ids": [],
                "protocol": "-1",
                "security_groups": [
                  "sg-0414447227cdd0e65"
                ],
                "self": false,
                "to_port": 0
              }
            ],
            "id": "sg-0f9f3a28a0645e6cb",
            "ingress": [
              {
                "cidr_blocks": [],
                "description": "Allow from the Web instances",
                "from_port": 0,
                "ipv6_cidr_blocks": [],
                "prefix_list_ids": [],
                "protocol": "-1",
                "security_groups": [
                  "sg-0987b452d0db59690"
                ],
                "self": false,
                "to_port": 0
              }
            ],
            "name": "appserver_elb_sg",
            "name_prefix": "",
            "owner_id": "689587120140",
            "revoke_rules_on_delete": false,
            "tags": {
              "Name": "appserver_elb_sg"
            },
            "tags_all": {
              "Name": "appserver_elb_sg"
            },
            "timeouts": null,
            "vpc_id": "vpc-051d33c1a610f8534"
          },
          "sensitive_attributes": [],
          "private": "eyJlMmJmYjczMC1lY2FhLTExZTYtOGY4OC0zNDM2M2JjN2M0YzAiOnsiY3JlYXRlIjo2MDAwMDAwMDAwMDAsImRlbGV0ZSI6OTAwMDAwMDAwMDAwfSwic2NoZW1hX3ZlcnNpb24iOiIxIn0=",
          "dependencies": [
            "module.vpc.aws_vpc.cloudforce_vpc"
          ]
        }
      ]
    },
    {
      "module": "module.appserver_elb",
      "mode": "managed",
      "type": "aws_security_group_rule",
      "name": "allow_outbound_http",
      "provider": "provider[\"registry.terraform.io/hashicorp/aws\"]",
      "instances": [
        {
          "schema_version": 2,
          "attributes": {
            "cidr_blocks": null,
            "description": "Allow outbound traffic to app servers",
            "from_port": 0,
            "id": "sgrule-1673982236",
            "ipv6_cidr_blocks": null,
            "prefix_list_ids": null,
            "protocol": "-1",
            "security_group_id": "sg-0f9f3a28a0645e6cb",
            "security_group_rule_id": "sgr-0a59e6a6b787f2c49",
            "self": false,
            "source_security_group_id": "sg-0414447227cdd0e65",
            "timeouts": null,
            "to_port": 0,
            "type": "egress"
          },
          "sensitive_attributes": [],
          "private": "eyJlMmJmYjczMC1lY2FhLTExZTYtOGY4OC0zNDM2M2JjN2M0YzAiOnsiY3JlYXRlIjozMDAwMDAwMDAwMDB9LCJzY2hlbWFfdmVyc2lvbiI6IjIifQ==",
          "dependencies": [
            "module.appserver_elb.aws_security_group.appserver_elb_sg",
            "module.ec2_appserver.aws_security_group.appserver_sg",
            "module.vpc.aws_vpc.cloudforce_vpc"
          ]
        }
      ]
    },
    {
      "module": "module.appserver_elb",
      "mode": "managed",
      "type": "aws_security_group_rule",
      "name": "allow_tcp_web_80",
      "provider": "provider[\"registry.terraform.io/hashicorp/aws\"]",
      "instances": [
        {
          "schema_version": 2,
          "attributes": {
            "cidr_blocks": null,
            "description": "Allow from the Web instances",
            "from_port": 0,
            "id": "sgrule-722463584",
            "ipv6_cidr_blocks": null,
            "prefix_list_ids": null,
            "protocol": "-1",
            "security_group_id": "sg-0f9f3a28a0645e6cb",
            "security_group_rule_id": "sgr-0c6ace599c95c2843",
            "self": false,
            "source_security_group_id": "sg-0987b452d0db59690",
            "timeouts": null,
            "to_port": 0,
            "type": "ingress"
          },
          "sensitive_attributes": [],
          "private": "eyJlMmJmYjczMC1lY2FhLTExZTYtOGY4OC0zNDM2M2JjN2M0YzAiOnsiY3JlYXRlIjozMDAwMDAwMDAwMDB9LCJzY2hlbWFfdmVyc2lvbiI6IjIifQ==",
          "dependencies": [
            "module.appserver_elb.aws_security_group.appserver_elb_sg",
            "module.ec2_webserver.aws_security_group.webserver_sg",
            "module.vpc.aws_vpc.cloudforce_vpc"
          ]
        }
      ]
    },
    {
      "module": "module.asg_appserver",
      "mode": "managed",
      "type": "aws_autoscaling_group",
      "name": "backendASG",
      "provider": "provider[\"registry.terraform.io/hashicorp/aws\"]",
      "instances": [
        {
          "schema_version": 1,
          "attributes": {
            "arn": "arn:aws:autoscaling:us-east-1:689587120140:autoScalingGroup:bbc459d8-b0ca-43cf-9cc8-22d0a361f144:autoScalingGroupName/backendASG",
            "availability_zones": [
              "us-east-1a",
              "us-east-1b"
            ],
            "capacity_rebalance": false,
            "context": "",
            "default_cooldown": 300,
            "default_instance_warmup": 0,
            "desired_capacity": 2,
            "desired_capacity_type": "",
            "enabled_metrics": [],
            "force_delete": false,
            "force_delete_warm_pool": false,
            "health_check_grace_period": 300,
            "health_check_type": "EC2",
            "id": "backendASG",
            "ignore_failed_scaling_activities": false,
            "initial_lifecycle_hook": [],
            "instance_maintenance_policy": [],
            "instance_refresh": [],
            "launch_configuration": "",
            "launch_template": [],
            "load_balancers": [],
            "max_instance_lifetime": 0,
            "max_size": 6,
            "metrics_granularity": "1Minute",
            "min_elb_capacity": null,
            "min_size": 2,
            "mixed_instances_policy": [
              {
                "instances_distribution": [
                  {
                    "on_demand_allocation_strategy": "prioritized",
                    "on_demand_base_capacity": 0,
                    "on_demand_percentage_above_base_capacity": 100,
                    "spot_allocation_strategy": "lowest-price",
                    "spot_instance_pools": 2,
                    "spot_max_price": ""
                  }
                ],
                "launch_template": [
                  {
                    "launch_template_specification": [
                      {
                        "launch_template_id": "lt-0e023e9a71bf7d8ad",
                        "launch_template_name": "backend20241001074721803700000005",
                        "version": "$Default"
                      }
                    ],
                    "override": []
                  }
                ]
              }
            ],
            "name": "backendASG",
            "name_prefix": "",
            "placement_group": "",
            "predicted_capacity": 0,
            "protect_from_scale_in": false,
            "service_linked_role_arn": "arn:aws:iam::689587120140:role/aws-service-role/autoscaling.amazonaws.com/AWSServiceRoleForAutoScaling",
            "suspended_processes": [],
            "tag": [
              {
                "key": "Name",
                "propagate_at_launch": true,
                "value": "backendInstance"
              }
            ],
            "target_group_arns": [
              "arn:aws:elasticloadbalancing:us-east-1:689587120140:targetgroup/appserverTG/646e107fd91c2900"
            ],
            "termination_policies": [],
            "timeouts": null,
            "traffic_source": [
              {
                "identifier": "arn:aws:elasticloadbalancing:us-east-1:689587120140:targetgroup/appserverTG/646e107fd91c2900",
                "type": "elbv2"
              }
            ],
            "vpc_zone_identifier": [
              "subnet-04aa517d19756a44e",
              "subnet-05b9a49c735e56e53"
            ],
            "wait_for_capacity_timeout": "10m",
            "wait_for_elb_capacity": null,
            "warm_pool": [],
            "warm_pool_size": 0
          },
          "sensitive_attributes": [],
          "private": "eyJlMmJmYjczMC1lY2FhLTExZTYtOGY4OC0zNDM2M2JjN2M0YzAiOnsiZGVsZXRlIjo2MDAwMDAwMDAwMDAsInVwZGF0ZSI6NjAwMDAwMDAwMDAwfSwic2NoZW1hX3ZlcnNpb24iOiIxIn0=",
          "dependencies": [
            "module.appserver_elb.aws_lb_target_group.appserverTG",
            "module.ec2_appserver.aws_launch_template.backend",
            "module.ec2_appserver.aws_security_group.appserver_sg",
            "module.vpc.aws_subnet.cloudforce_privateC",
            "module.vpc.aws_subnet.cloudforce_privateD",
            "module.vpc.aws_vpc.cloudforce_vpc"
          ]
        }
      ]
    },
    {
      "module": "module.asg_appserver",
      "mode": "managed",
      "type": "aws_autoscaling_policy",
      "name": "asgpolicy",
      "provider": "provider[\"registry.terraform.io/hashicorp/aws\"]",
      "instances": [
        {
          "schema_version": 0,
          "attributes": {
            "adjustment_type": "",
            "arn": "arn:aws:autoscaling:us-east-1:689587120140:scalingPolicy:73f521d3-8025-4839-b943-8ce588498e91:autoScalingGroupName/backendASG:policyName/asgpolicy",
            "autoscaling_group_name": "backendASG",
            "cooldown": 0,
            "enabled": true,
            "estimated_instance_warmup": 300,
            "id": "asgpolicy",
            "metric_aggregation_type": "",
            "min_adjustment_magnitude": 0,
            "name": "asgpolicy",
            "policy_type": "TargetTrackingScaling",
            "predictive_scaling_configuration": [],
            "scaling_adjustment": 0,
            "step_adjustment": [],
            "target_tracking_configuration": [
              {
                "customized_metric_specification": [],
                "disable_scale_in": false,
                "predefined_metric_specification": [
                  {
                    "predefined_metric_type": "ASGAverageCPUUtilization",
                    "resource_label": ""
                  }
                ],
                "target_value": 25
              }
            ]
          },
          "sensitive_attributes": [],
          "private": "bnVsbA==",
          "dependencies": [
            "module.appserver_elb.aws_lb_target_group.appserverTG",
            "module.asg_appserver.aws_autoscaling_group.backendASG",
            "module.ec2_appserver.aws_launch_template.backend",
            "module.ec2_appserver.aws_security_group.appserver_sg",
            "module.vpc.aws_subnet.cloudforce_privateC",
            "module.vpc.aws_subnet.cloudforce_privateD",
            "module.vpc.aws_vpc.cloudforce_vpc"
          ]
        }
      ]
    },
    {
      "module": "module.asg_webserver",
      "mode": "managed",
      "type": "aws_autoscaling_group",
      "name": "frontendASG",
      "provider": "provider[\"registry.terraform.io/hashicorp/aws\"]",
      "instances": [
        {
          "schema_version": 1,
          "attributes": {
            "arn": "arn:aws:autoscaling:us-east-1:689587120140:autoScalingGroup:6c4d7d1c-ae89-4367-9bb7-f37ca2a30900:autoScalingGroupName/frontendASG",
            "availability_zones": [
              "us-east-1a",
              "us-east-1b"
            ],
            "capacity_rebalance": false,
            "context": "",
            "default_cooldown": 300,
            "default_instance_warmup": 0,
            "desired_capacity": 2,
            "desired_capacity_type": "",
            "enabled_metrics": [],
            "force_delete": false,
            "force_delete_warm_pool": false,
            "health_check_grace_period": 300,
            "health_check_type": "EC2",
            "id": "frontendASG",
            "ignore_failed_scaling_activities": false,
            "initial_lifecycle_hook": [],
            "instance_maintenance_policy": [],
            "instance_refresh": [],
            "launch_configuration": "",
            "launch_template": [],
            "load_balancers": [],
            "max_instance_lifetime": 0,
            "max_size": 6,
            "metrics_granularity": "1Minute",
            "min_elb_capacity": null,
            "min_size": 2,
            "mixed_instances_policy": [
              {
                "instances_distribution": [
                  {
                    "on_demand_allocation_strategy": "prioritized",
                    "on_demand_base_capacity": 0,
                    "on_demand_percentage_above_base_capacity": 100,
                    "spot_allocation_strategy": "lowest-price",
                    "spot_instance_pools": 2,
                    "spot_max_price": ""
                  }
                ],
                "launch_template": [
                  {
                    "launch_template_specification": [
                      {
                        "launch_template_id": "lt-0f93bea0b81baeb73",
                        "launch_template_name": "frontend20241001074719652900000003",
                        "version": "$Default"
                      }
                    ],
                    "override": []
                  }
                ]
              }
            ],
            "name": "frontendASG",
            "name_prefix": "",
            "placement_group": "",
            "predicted_capacity": 0,
            "protect_from_scale_in": false,
            "service_linked_role_arn": "arn:aws:iam::689587120140:role/aws-service-role/autoscaling.amazonaws.com/AWSServiceRoleForAutoScaling",
            "suspended_processes": [],
            "tag": [
              {
                "key": "Name",
                "propagate_at_launch": true,
                "value": "FrontendInstance"
              }
            ],
            "target_group_arns": [
              "arn:aws:elasticloadbalancing:us-east-1:689587120140:targetgroup/frontendTG/48a2fa23c479896d"
            ],
            "termination_policies": [],
            "timeouts": null,
            "traffic_source": [
              {
                "identifier": "arn:aws:elasticloadbalancing:us-east-1:689587120140:targetgroup/frontendTG/48a2fa23c479896d",
                "type": "elbv2"
              }
            ],
            "vpc_zone_identifier": [
              "subnet-0ddee619789c4da7d",
              "subnet-0f907c72667c5de1b"
            ],
            "wait_for_capacity_timeout": "10m",
            "wait_for_elb_capacity": null,
            "warm_pool": [],
            "warm_pool_size": 0
          },
          "sensitive_attributes": [],
          "private": "eyJlMmJmYjczMC1lY2FhLTExZTYtOGY4OC0zNDM2M2JjN2M0YzAiOnsiZGVsZXRlIjo2MDAwMDAwMDAwMDAsInVwZGF0ZSI6NjAwMDAwMDAwMDAwfSwic2NoZW1hX3ZlcnNpb24iOiIxIn0=",
          "dependencies": [
            "module.ec2_webserver.aws_launch_template.frontend",
            "module.ec2_webserver.aws_security_group.webserver_sg",
            "module.public_elb.aws_lb_target_group.frontendTG",
            "module.vpc.aws_subnet.cloudforce_privateA",
            "module.vpc.aws_subnet.cloudforce_privateB",
            "module.vpc.aws_vpc.cloudforce_vpc"
          ]
        }
      ]
    },
    {
      "module": "module.asg_webserver",
      "mode": "managed",
      "type": "aws_autoscaling_policy",
      "name": "asgpolicy",
      "provider": "provider[\"registry.terraform.io/hashicorp/aws\"]",
      "instances": [
        {
          "schema_version": 0,
          "attributes": {
            "adjustment_type": "",
            "arn": "arn:aws:autoscaling:us-east-1:689587120140:scalingPolicy:92ed0e23-b0c3-4113-b7c2-7f829c2a6b54:autoScalingGroupName/frontendASG:policyName/asgpolicy",
            "autoscaling_group_name": "frontendASG",
            "cooldown": 0,
            "enabled": true,
            "estimated_instance_warmup": 300,
            "id": "asgpolicy",
            "metric_aggregation_type": "",
            "min_adjustment_magnitude": 0,
            "name": "asgpolicy",
            "policy_type": "TargetTrackingScaling",
            "predictive_scaling_configuration": [],
            "scaling_adjustment": 0,
            "step_adjustment": [],
            "target_tracking_configuration": [
              {
                "customized_metric_specification": [],
                "disable_scale_in": false,
                "predefined_metric_specification": [
                  {
                    "predefined_metric_type": "ASGAverageCPUUtilization",
                    "resource_label": ""
                  }
                ],
                "target_value": 25
              }
            ]
          },
          "sensitive_attributes": [],
          "private": "bnVsbA==",
          "dependencies": [
            "module.asg_webserver.aws_autoscaling_group.frontendASG",
            "module.ec2_webserver.aws_launch_template.frontend",
            "module.ec2_webserver.aws_security_group.webserver_sg",
            "module.public_elb.aws_lb_target_group.frontendTG",
            "module.vpc.aws_subnet.cloudforce_privateA",
            "module.vpc.aws_subnet.cloudforce_privateB",
            "module.vpc.aws_vpc.cloudforce_vpc"
          ]
        }
      ]
    },
    {
      "module": "module.cloudfront",
      "mode": "managed",
      "type": "aws_cloudfront_distribution",
      "name": "cdn",
      "provider": "provider[\"registry.terraform.io/hashicorp/aws\"]",
      "instances": [
        {
          "schema_version": 1,
          "attributes": {
            "aliases": [],
            "arn": "arn:aws:cloudfront::689587120140:distribution/EAZFP95VTMM8H",
            "caller_reference": "terraform-20241001075036671400000008",
            "comment": null,
            "continuous_deployment_policy_id": "",
            "custom_error_response": [],
            "default_cache_behavior": [
              {
                "allowed_methods": [
                  "GET",
                  "HEAD"
                ],
                "cache_policy_id": "",
                "cached_methods": [
                  "GET",
                  "HEAD"
                ],
                "compress": false,
                "default_ttl": 0,
                "field_level_encryption_id": "",
                "forwarded_values": [
                  {
                    "cookies": [
                      {
                        "forward": "all",
                        "whitelisted_names": []
                      }
                    ],
                    "headers": [],
                    "query_string": true,
                    "query_string_cache_keys": []
                  }
                ],
                "function_association": [],
                "lambda_function_association": [],
                "max_ttl": 0,
                "min_ttl": 0,
                "origin_request_policy_id": "",
                "realtime_log_config_arn": "",
                "response_headers_policy_id": "",
                "smooth_streaming": false,
                "target_origin_id": "frontend_web",
                "trusted_key_groups": [],
                "trusted_signers": [],
                "viewer_protocol_policy": "redirect-to-https"
              }
            ],
            "default_root_object": "index.html",
            "domain_name": "d16r2575pyr9rp.cloudfront.net",
            "enabled": true,
            "etag": "E3TONVIJPAUW1Q",
            "hosted_zone_id": "Z2FDTNDATAQYW2",
            "http_version": "http2",
            "id": "EAZFP95VTMM8H",
            "in_progress_validation_batches": 0,
            "is_ipv6_enabled": true,
            "last_modified_time": "2024-10-01 10:10:36.502 +0000 UTC",
            "logging_config": [],
            "ordered_cache_behavior": [],
            "origin": [
              {
                "connection_attempts": 3,
                "connection_timeout": 10,
                "custom_header": [],
                "custom_origin_config": [
                  {
                    "http_port": 80,
                    "https_port": 443,
                    "origin_keepalive_timeout": 5,
                    "origin_protocol_policy": "http-only",
                    "origin_read_timeout": 30,
                    "origin_ssl_protocols": [
                      "TLSv1.2"
                    ]
                  }
                ],
                "domain_name": "frontend-lb-1855407254.us-east-1.elb.amazonaws.com",
                "origin_access_control_id": "",
                "origin_id": "frontend_web",
                "origin_path": "",
                "origin_shield": [],
                "s3_origin_config": []
              }
            ],
            "origin_group": [],
            "price_class": "PriceClass_All",
            "restrictions": [
              {
                "geo_restriction": [
                  {
                    "locations": [
                      "CA",
                      "KE",
                      "US"
                    ],
                    "restriction_type": "whitelist"
                  }
                ]
              }
            ],
            "retain_on_delete": false,
            "staging": false,
            "status": "Deployed",
            "tags": {},
            "tags_all": {},
            "trusted_key_groups": [
              {
                "enabled": false,
                "items": []
              }
            ],
            "trusted_signers": [
              {
                "enabled": false,
                "items": []
              }
            ],
            "viewer_certificate": [
              {
                "acm_certificate_arn": "",
                "cloudfront_default_certificate": true,
                "iam_certificate_id": "",
                "minimum_protocol_version": "TLSv1",
                "ssl_support_method": ""
              }
            ],
            "wait_for_deployment": true,
            "web_acl_id": ""
          },
          "sensitive_attributes": [],
          "private": "eyJzY2hlbWFfdmVyc2lvbiI6IjEifQ==",
          "dependencies": [
            "module.public_elb.aws_lb.frontend_lb",
            "module.public_elb.aws_security_group.web_elb_sg",
            "module.vpc.aws_subnet.cloudforce_publicA",
            "module.vpc.aws_subnet.cloudforce_publicB",
            "module.vpc.aws_vpc.cloudforce_vpc"
          ]
        }
      ]
    },
    {
      "module": "module.cloudtrails",
      "mode": "data",
      "type": "aws_caller_identity",
      "name": "current",
      "provider": "provider[\"registry.terraform.io/hashicorp/aws\"]",
      "instances": [
        {
          "schema_version": 0,
          "attributes": {
            "account_id": "689587120140",
            "arn": "arn:aws:iam::689587120140:root",
            "id": "689587120140",
            "user_id": "689587120140"
          },
          "sensitive_attributes": []
        }
      ]
    },
    {
      "module": "module.cloudtrails",
      "mode": "data",
      "type": "aws_iam_policy_document",
      "name": "cloudfront_trail_policy",
      "provider": "provider[\"registry.terraform.io/hashicorp/aws\"]",
      "instances": [
        {
          "schema_version": 0,
          "attributes": {
            "id": "3031049364",
            "json": "{\n  \"Version\": \"2012-10-17\",\n  \"Statement\": [\n    {\n      \"Sid\": \"AWSCloudTrailAclCheck\",\n      \"Effect\": \"Allow\",\n      \"Action\": \"s3:GetBucketAcl\",\n      \"Resource\": \"arn:aws:s3:::cloudfront-trail-logs-bucket-efantus\",\n      \"Principal\": {\n        \"Service\": \"cloudtrail.amazonaws.com\"\n      }\n    },\n    {\n      \"Sid\": \"AWSCloudTrailWrite\",\n      \"Effect\": \"Allow\",\n      \"Action\": \"s3:PutObject\",\n      \"Resource\": \"arn:aws:s3:::cloudfront-trail-logs-bucket-efantus/AWSLogs/689587120140/*\",\n      \"Principal\": {\n        \"Service\": \"cloudtrail.amazonaws.com\"\n      },\n      \"Condition\": {\n        \"StringEquals\": {\n          \"s3:x-amz-acl\": \"bucket-owner-full-control\"\n        }\n      }\n    },\n    {\n      \"Sid\": \"AWSCloudFrontWrite\",\n      \"Effect\": \"Allow\",\n      \"Action\": \"s3:PutObject\",\n      \"Resource\": \"arn:aws:s3:::cloudfront-trail-logs-bucket-efantus/cloudfront-logs/689587120140/*\",\n      \"Principal\": {\n        \"Service\": \"cloudfront.amazonaws.com\"\n      }\n    }\n  ]\n}",
            "minified_json": "{\"Version\":\"2012-10-17\",\"Statement\":[{\"Sid\":\"AWSCloudTrailAclCheck\",\"Effect\":\"Allow\",\"Action\":\"s3:GetBucketAcl\",\"Resource\":\"arn:aws:s3:::cloudfront-trail-logs-bucket-efantus\",\"Principal\":{\"Service\":\"cloudtrail.amazonaws.com\"}},{\"Sid\":\"AWSCloudTrailWrite\",\"Effect\":\"Allow\",\"Action\":\"s3:PutObject\",\"Resource\":\"arn:aws:s3:::cloudfront-trail-logs-bucket-efantus/AWSLogs/689587120140/*\",\"Principal\":{\"Service\":\"cloudtrail.amazonaws.com\"},\"Condition\":{\"StringEquals\":{\"s3:x-amz-acl\":\"bucket-owner-full-control\"}}},{\"Sid\":\"AWSCloudFrontWrite\",\"Effect\":\"Allow\",\"Action\":\"s3:PutObject\",\"Resource\":\"arn:aws:s3:::cloudfront-trail-logs-bucket-efantus/cloudfront-logs/689587120140/*\",\"Principal\":{\"Service\":\"cloudfront.amazonaws.com\"}}]}",
            "override_json": null,
            "override_policy_documents": null,
            "policy_id": null,
            "source_json": null,
            "source_policy_documents": null,
            "statement": [
              {
                "actions": [
                  "s3:GetBucketAcl"
                ],
                "condition": [],
                "effect": "Allow",
                "not_actions": [],
                "not_principals": [],
                "not_resources": [],
                "principals": [
                  {
                    "identifiers": [
                      "cloudtrail.amazonaws.com"
                    ],
                    "type": "Service"
                  }
                ],
                "resources": [
                  "arn:aws:s3:::cloudfront-trail-logs-bucket-efantus"
                ],
                "sid": "AWSCloudTrailAclCheck"
              },
              {
                "actions": [
                  "s3:PutObject"
                ],
                "condition": [
                  {
                    "test": "StringEquals",
                    "values": [
                      "bucket-owner-full-control"
                    ],
                    "variable": "s3:x-amz-acl"
                  }
                ],
                "effect": "Allow",
                "not_actions": [],
                "not_principals": [],
                "not_resources": [],
                "principals": [
                  {
                    "identifiers": [
                      "cloudtrail.amazonaws.com"
                    ],
                    "type": "Service"
                  }
                ],
                "resources": [
                  "arn:aws:s3:::cloudfront-trail-logs-bucket-efantus/AWSLogs/689587120140/*"
                ],
                "sid": "AWSCloudTrailWrite"
              },
              {
                "actions": [
                  "s3:PutObject"
                ],
                "condition": [],
                "effect": "Allow",
                "not_actions": [],
                "not_principals": [],
                "not_resources": [],
                "principals": [
                  {
                    "identifiers": [
                      "cloudfront.amazonaws.com"
                    ],
                    "type": "Service"
                  }
                ],
                "resources": [
                  "arn:aws:s3:::cloudfront-trail-logs-bucket-efantus/cloudfront-logs/689587120140/*"
                ],
                "sid": "AWSCloudFrontWrite"
              }
            ],
            "version": "2012-10-17"
          },
          "sensitive_attributes": []
        }
      ]
    },
    {
      "module": "module.cloudtrails",
      "mode": "data",
      "type": "aws_partition",
      "name": "current",
      "provider": "provider[\"registry.terraform.io/hashicorp/aws\"]",
      "instances": [
        {
          "schema_version": 0,
          "attributes": {
            "dns_suffix": "amazonaws.com",
            "id": "aws",
            "partition": "aws",
            "reverse_dns_prefix": "com.amazonaws"
          },
          "sensitive_attributes": []
        }
      ]
    },
    {
      "module": "module.cloudtrails",
      "mode": "data",
      "type": "aws_region",
      "name": "current",
      "provider": "provider[\"registry.terraform.io/hashicorp/aws\"]",
      "instances": [
        {
          "schema_version": 0,
          "attributes": {
            "description": "US East (N. Virginia)",
            "endpoint": "ec2.us-east-1.amazonaws.com",
            "id": "us-east-1",
            "name": "us-east-1"
          },
          "sensitive_attributes": []
        }
      ]
    },
    {
      "module": "module.cloudtrails",
      "mode": "managed",
      "type": "aws_cloudtrail",
      "name": "cloudfront_trail",
      "provider": "provider[\"registry.terraform.io/hashicorp/aws\"]",
      "instances": [
        {
          "schema_version": 1,
          "attributes": {
            "advanced_event_selector": [],
            "arn": "arn:aws:cloudtrail:us-east-1:689587120140:trail/cloudfront-trail",
            "cloud_watch_logs_group_arn": "",
            "cloud_watch_logs_role_arn": "",
            "enable_log_file_validation": false,
            "enable_logging": true,
            "event_selector": [],
            "home_region": "us-east-1",
            "id": "arn:aws:cloudtrail:us-east-1:689587120140:trail/cloudfront-trail",
            "include_global_service_events": false,
            "insight_selector": [],
            "is_multi_region_trail": false,
            "is_organization_trail": false,
            "kms_key_id": "",
            "name": "cloudfront-trail",
            "s3_bucket_name": "cloudfront-trail-logs-bucket-efantus",
            "s3_key_prefix": "",
            "sns_topic_name": "",
            "tags": null,
            "tags_all": {}
          },
          "sensitive_attributes": [],
          "private": "eyJzY2hlbWFfdmVyc2lvbiI6IjEifQ==",
          "dependencies": [
            "module.cloudtrails.aws_s3_bucket.cloudfront_trail_bucket",
            "module.cloudtrails.aws_s3_bucket_policy.cloudfront_trail_bucket_policy",
            "module.cloudtrails.data.aws_caller_identity.current",
            "module.cloudtrails.data.aws_iam_policy_document.cloudfront_trail_policy"
          ]
        }
      ]
    },
    {
      "module": "module.cloudtrails",
      "mode": "managed",
      "type": "aws_s3_bucket",
      "name": "cloudfront_trail_bucket",
      "provider": "provider[\"registry.terraform.io/hashicorp/aws\"]",
      "instances": [
        {
          "schema_version": 0,
          "attributes": {
            "acceleration_status": "",
            "acl": null,
            "arn": "arn:aws:s3:::cloudfront-trail-logs-bucket-efantus",
            "bucket": "cloudfront-trail-logs-bucket-efantus",
            "bucket_domain_name": "cloudfront-trail-logs-bucket-efantus.s3.amazonaws.com",
            "bucket_prefix": "",
            "bucket_regional_domain_name": "cloudfront-trail-logs-bucket-efantus.s3.us-east-1.amazonaws.com",
            "cors_rule": [],
            "force_destroy": true,
            "grant": [
              {
                "id": "aa0ce1a9c11d8dc774fce7f20de4d6e5e1716b14f76745b294231eba26b6b0c0",
                "permissions": [
                  "FULL_CONTROL"
                ],
                "type": "CanonicalUser",
                "uri": ""
              }
            ],
            "hosted_zone_id": "Z3AQBSTGFYJSTF",
            "id": "cloudfront-trail-logs-bucket-efantus",
            "lifecycle_rule": [],
            "logging": [],
            "object_lock_configuration": [],
            "object_lock_enabled": false,
            "policy": "",
            "region": "us-east-1",
            "replication_configuration": [],
            "request_payer": "BucketOwner",
            "server_side_encryption_configuration": [
              {
                "rule": [
                  {
                    "apply_server_side_encryption_by_default": [
                      {
                        "kms_master_key_id": "",
                        "sse_algorithm": "AES256"
                      }
                    ],
                    "bucket_key_enabled": false
                  }
                ]
              }
            ],
            "tags": null,
            "tags_all": {},
            "timeouts": null,
            "versioning": [
              {
                "enabled": false,
                "mfa_delete": false
              }
            ],
            "website": [],
            "website_domain": null,
            "website_endpoint": null
          },
          "sensitive_attributes": [],
          "private": "eyJlMmJmYjczMC1lY2FhLTExZTYtOGY4OC0zNDM2M2JjN2M0YzAiOnsiY3JlYXRlIjoxMjAwMDAwMDAwMDAwLCJkZWxldGUiOjM2MDAwMDAwMDAwMDAsInJlYWQiOjEyMDAwMDAwMDAwMDAsInVwZGF0ZSI6MTIwMDAwMDAwMDAwMH19"
        }
      ]
    },
    {
      "module": "module.cloudtrails",
      "mode": "managed",
      "type": "aws_s3_bucket_acl",
      "name": "restrict",
      "provider": "provider[\"registry.terraform.io/hashicorp/aws\"]",
      "instances": [
        {
          "schema_version": 0,
          "attributes": {
            "access_control_policy": [
              {
                "grant": [
                  {
                    "grantee": [
                      {
                        "display_name": "ephantusgachomba",
                        "email_address": "",
                        "id": "aa0ce1a9c11d8dc774fce7f20de4d6e5e1716b14f76745b294231eba26b6b0c0",
                        "type": "CanonicalUser",
                        "uri": ""
                      }
                    ],
                    "permission": "FULL_CONTROL"
                  }
                ],
                "owner": [
                  {
                    "display_name": "ephantusgachomba",
                    "id": "aa0ce1a9c11d8dc774fce7f20de4d6e5e1716b14f76745b294231eba26b6b0c0"
                  }
                ]
              }
            ],
            "acl": "private",
            "bucket": "cloudfront-trail-logs-bucket-efantus",
            "expected_bucket_owner": "",
            "id": "cloudfront-trail-logs-bucket-efantus,private"
          },
          "sensitive_attributes": [],
          "private": "bnVsbA==",
          "dependencies": [
            "module.cloudtrails.aws_s3_bucket.cloudfront_trail_bucket",
            "module.cloudtrails.aws_s3_bucket_ownership_controls.restrict"
          ]
        }
      ]
    },
    {
      "module": "module.cloudtrails",
      "mode": "managed",
      "type": "aws_s3_bucket_ownership_controls",
      "name": "restrict",
      "provider": "provider[\"registry.terraform.io/hashicorp/aws\"]",
      "instances": [
        {
          "schema_version": 0,
          "attributes": {
            "bucket": "cloudfront-trail-logs-bucket-efantus",
            "id": "cloudfront-trail-logs-bucket-efantus",
            "rule": [
              {
                "object_ownership": "BucketOwnerPreferred"
              }
            ]
          },
          "sensitive_attributes": [],
          "private": "bnVsbA==",
          "dependencies": [
            "module.cloudtrails.aws_s3_bucket.cloudfront_trail_bucket"
          ]
        }
      ]
    },
    {
      "module": "module.cloudtrails",
      "mode": "managed",
      "type": "aws_s3_bucket_policy",
      "name": "cloudfront_trail_bucket_policy",
      "provider": "provider[\"registry.terraform.io/hashicorp/aws\"]",
      "instances": [
        {
          "schema_version": 0,
          "attributes": {
            "bucket": "cloudfront-trail-logs-bucket-efantus",
            "id": "cloudfront-trail-logs-bucket-efantus",
            "policy": "{\"Statement\":[{\"Action\":\"s3:GetBucketAcl\",\"Effect\":\"Allow\",\"Principal\":{\"Service\":\"cloudtrail.amazonaws.com\"},\"Resource\":\"arn:aws:s3:::cloudfront-trail-logs-bucket-efantus\",\"Sid\":\"AWSCloudTrailAclCheck\"},{\"Action\":\"s3:PutObject\",\"Condition\":{\"StringEquals\":{\"s3:x-amz-acl\":\"bucket-owner-full-control\"}},\"Effect\":\"Allow\",\"Principal\":{\"Service\":\"cloudtrail.amazonaws.com\"},\"Resource\":\"arn:aws:s3:::cloudfront-trail-logs-bucket-efantus/AWSLogs/689587120140/*\",\"Sid\":\"AWSCloudTrailWrite\"},{\"Action\":\"s3:PutObject\",\"Effect\":\"Allow\",\"Principal\":{\"Service\":\"cloudfront.amazonaws.com\"},\"Resource\":\"arn:aws:s3:::cloudfront-trail-logs-bucket-efantus/cloudfront-logs/689587120140/*\",\"Sid\":\"AWSCloudFrontWrite\"}],\"Version\":\"2012-10-17\"}"
          },
          "sensitive_attributes": [],
          "private": "bnVsbA==",
          "dependencies": [
            "module.cloudtrails.aws_s3_bucket.cloudfront_trail_bucket",
            "module.cloudtrails.data.aws_caller_identity.current",
            "module.cloudtrails.data.aws_iam_policy_document.cloudfront_trail_policy"
          ]
        }
      ]
    },
    {
      "module": "module.ec2_appserver",
      "mode": "managed",
      "type": "aws_launch_template",
      "name": "backend",
      "provider": "provider[\"registry.terraform.io/hashicorp/aws\"]",
      "instances": [
        {
          "schema_version": 0,
          "attributes": {
            "arn": "arn:aws:ec2:us-east-1:689587120140:launch-template/lt-0e023e9a71bf7d8ad",
            "block_device_mappings": [],
            "capacity_reservation_specification": [],
            "cpu_options": [],
            "credit_specification": [],
            "default_version": 1,
            "description": "",
            "disable_api_stop": false,
            "disable_api_termination": false,
            "ebs_optimized": "",
            "elastic_gpu_specifications": [],
            "elastic_inference_accelerator": [],
            "enclave_options": [],
            "hibernation_options": [],
            "iam_instance_profile": [],
            "id": "lt-0e023e9a71bf7d8ad",
            "image_id": "ami-0557a15b87f6559cf",
            "instance_initiated_shutdown_behavior": "",
            "instance_market_options": [],
            "instance_requirements": [],
            "instance_type": "t2.micro",
            "kernel_id": "",
            "key_name": "",
            "latest_version": 1,
            "license_specification": [],
            "maintenance_options": [],
            "metadata_options": [],
            "monitoring": [],
            "name": "backend20241001074721803700000005",
            "name_prefix": "backend",
            "network_interfaces": [
              {
                "associate_carrier_ip_address": "",
                "associate_public_ip_address": "true",
                "delete_on_termination": "",
                "description": "",
                "device_index": 0,
                "interface_type": "",
                "ipv4_address_count": 0,
                "ipv4_addresses": [],
                "ipv4_prefix_count": 0,
                "ipv4_prefixes": [],
                "ipv6_address_count": 0,
                "ipv6_addresses": [],
                "ipv6_prefix_count": 0,
                "ipv6_prefixes": [],
                "network_card_index": 0,
                "network_interface_id": "",
                "primary_ipv6": "",
                "private_ip_address": "",
                "security_groups": [
                  "sg-0414447227cdd0e65"
                ],
                "subnet_id": ""
              }
            ],
            "placement": [],
            "private_dns_name_options": [],
            "ram_disk_id": "",
            "security_group_names": [],
            "tag_specifications": [],
            "tags": {},
            "tags_all": {},
            "update_default_version": null,
            "user_data": "IyEvYmluL2Jhc2gKIyBJbnN0YWxsIGRvY2tlcgphcHQtZ2V0IHVwZGF0ZQphcHQtZ2V0IGluc3RhbGwgLXkgYXB0LXRyYW5zcG9ydC1odHRwcyBjYS1jZXJ0aWZpY2F0ZXMgY3VybCBzb2Z0d2FyZS1wcm9wZXJ0aWVzLWNvbW1vbgpjdXJsIC1mc1NMIGh0dHBzOi8vZG93bmxvYWQuZG9ja2VyLmNvbS9saW51eC91YnVudHUvZ3BnIHwgc3VkbyBhcHQta2V5IGFkZCAtCmFkZC1hcHQtcmVwb3NpdG9yeSBcCiAgICJkZWIgW2FyY2g9YW1kNjRdIGh0dHBzOi8vZG93bmxvYWQuZG9ja2VyLmNvbS9saW51eC91YnVudHUgXAogICAkKGxzYl9yZWxlYXNlIC1jcykgXAogICBzdGFibGUiCmFwdC1nZXQgdXBkYXRlCmFwdC1nZXQgaW5zdGFsbCAteSBkb2NrZXItY2UKdXNlcm1vZCAtYUcgZG9ja2VyIHVidW50dQojIHB1bGwgYmFja2VuZCBpbWFnZSBmcm9tIGRvY2tlcmh1YgpzdWRvIGRvY2tlciBwdWxsIG1hcmNyaW5lL2Jvb2thcHBiYWNrZW5kCnN1ZG8gZG9ja2VyIHJ1biAtZCAtcCA4MDo1MDAwIG1hcmNyaW5lL2Jvb2thcHBiYWNrZW5k",
            "vpc_security_group_ids": []
          },
          "sensitive_attributes": [],
          "private": "bnVsbA==",
          "dependencies": [
            "module.ec2_appserver.aws_security_group.appserver_sg",
            "module.vpc.aws_vpc.cloudforce_vpc"
          ],
          "create_before_destroy": true
        }
      ]
    },
    {
      "module": "module.ec2_appserver",
      "mode": "managed",
      "type": "aws_security_group",
      "name": "appserver_sg",
      "provider": "provider[\"registry.terraform.io/hashicorp/aws\"]",
      "instances": [
        {
          "schema_version": 1,
          "attributes": {
            "arn": "arn:aws:ec2:us-east-1:689587120140:security-group/sg-0414447227cdd0e65",
            "description": "allow traffic from port 80/443 appserver elb \u0026 allow all outgoing traffic",
            "egress": [
              {
                "cidr_blocks": [
                  "0.0.0.0/0"
                ],
                "description": "Allow outbound traffic to internet",
                "from_port": 0,
                "ipv6_cidr_blocks": [],
                "prefix_list_ids": [],
                "protocol": "-1",
                "security_groups": [],
                "self": false,
                "to_port": 0
              }
            ],
            "id": "sg-0414447227cdd0e65",
            "ingress": [
              {
                "cidr_blocks": [],
                "description": "Allow HTTP from app server ELB",
                "from_port": 80,
                "ipv6_cidr_blocks": [],
                "prefix_list_ids": [],
                "protocol": "tcp",
                "security_groups": [
                  "sg-0f9f3a28a0645e6cb"
                ],
                "self": false,
                "to_port": 80
              },
              {
                "cidr_blocks": [],
                "description": "Allow HTTP from public ELB",
                "from_port": 80,
                "ipv6_cidr_blocks": [],
                "prefix_list_ids": [],
                "protocol": "tcp",
                "security_groups": [
                  "sg-09de2cc5cfe6886d1"
                ],
                "self": false,
                "to_port": 80
              },
              {
                "cidr_blocks": [],
                "description": "Allow HTTPS from app server ELB",
                "from_port": 443,
                "ipv6_cidr_blocks": [],
                "prefix_list_ids": [],
                "protocol": "tcp",
                "security_groups": [
                  "sg-0f9f3a28a0645e6cb"
                ],
                "self": false,
                "to_port": 443
              },
              {
                "cidr_blocks": [],
                "description": "Allow HTTPS from public ELB",
                "from_port": 443,
                "ipv6_cidr_blocks": [],
                "prefix_list_ids": [],
                "protocol": "tcp",
                "security_groups": [
                  "sg-09de2cc5cfe6886d1"
                ],
                "self": false,
                "to_port": 443
              }
            ],
            "name": "appserver_sg",
            "name_prefix": "",
            "owner_id": "689587120140",
            "revoke_rules_on_delete": false,
            "tags": {
              "Name": "appserver_sg"
            },
            "tags_all": {
              "Name": "appserver_sg"
            },
            "timeouts": null,
            "vpc_id": "vpc-051d33c1a610f8534"
          },
          "sensitive_attributes": [],
          "private": "eyJlMmJmYjczMC1lY2FhLTExZTYtOGY4OC0zNDM2M2JjN2M0YzAiOnsiY3JlYXRlIjo2MDAwMDAwMDAwMDAsImRlbGV0ZSI6OTAwMDAwMDAwMDAwfSwic2NoZW1hX3ZlcnNpb24iOiIxIn0=",
          "dependencies": [
            "module.vpc.aws_vpc.cloudforce_vpc"
          ],
          "create_before_destroy": true
        }
      ]
    },
    {
      "module": "module.ec2_appserver",
      "mode": "managed",
      "type": "aws_security_group_rule",
      "name": "allow_outbound_http",
      "provider": "provider[\"registry.terraform.io/hashicorp/aws\"]",
      "instances": [
        {
          "schema_version": 2,
          "attributes": {
            "cidr_blocks": [
              "0.0.0.0/0"
            ],
            "description": "Allow outbound traffic to internet",
            "from_port": 0,
            "id": "sgrule-3281249661",
            "ipv6_cidr_blocks": null,
            "prefix_list_ids": null,
            "protocol": "-1",
            "security_group_id": "sg-0414447227cdd0e65",
            "security_group_rule_id": "sgr-00b5b185345029302",
            "self": false,
            "source_security_group_id": null,
            "timeouts": null,
            "to_port": 0,
            "type": "egress"
          },
          "sensitive_attributes": [],
          "private": "eyJlMmJmYjczMC1lY2FhLTExZTYtOGY4OC0zNDM2M2JjN2M0YzAiOnsiY3JlYXRlIjozMDAwMDAwMDAwMDB9LCJzY2hlbWFfdmVyc2lvbiI6IjIifQ==",
          "dependencies": [
            "module.ec2_appserver.aws_security_group.appserver_sg",
            "module.vpc.aws_vpc.cloudforce_vpc"
          ]
        }
      ]
    },
    {
      "module": "module.ec2_appserver",
      "mode": "managed",
      "type": "aws_security_group_rule",
      "name": "allow_tcp_app_443",
      "provider": "provider[\"registry.terraform.io/hashicorp/aws\"]",
      "instances": [
        {
          "schema_version": 2,
          "attributes": {
            "cidr_blocks": null,
            "description": "Allow HTTPS from app server ELB",
            "from_port": 443,
            "id": "sgrule-662044084",
            "ipv6_cidr_blocks": null,
            "prefix_list_ids": null,
            "protocol": "tcp",
            "security_group_id": "sg-0414447227cdd0e65",
            "security_group_rule_id": "sgr-0d34f2c669f03e6b0",
            "self": false,
            "source_security_group_id": "sg-0f9f3a28a0645e6cb",
            "timeouts": null,
            "to_port": 443,
            "type": "ingress"
          },
          "sensitive_attributes": [],
          "private": "eyJlMmJmYjczMC1lY2FhLTExZTYtOGY4OC0zNDM2M2JjN2M0YzAiOnsiY3JlYXRlIjozMDAwMDAwMDAwMDB9LCJzY2hlbWFfdmVyc2lvbiI6IjIifQ==",
          "dependencies": [
            "module.appserver_elb.aws_security_group.appserver_elb_sg",
            "module.ec2_appserver.aws_security_group.appserver_sg",
            "module.vpc.aws_vpc.cloudforce_vpc"
          ]
        }
      ]
    },
    {
      "module": "module.ec2_appserver",
      "mode": "managed",
      "type": "aws_security_group_rule",
      "name": "allow_tcp_app_80",
      "provider": "provider[\"registry.terraform.io/hashicorp/aws\"]",
      "instances": [
        {
          "schema_version": 2,
          "attributes": {
            "cidr_blocks": null,
            "description": "Allow HTTP from app server ELB",
            "from_port": 80,
            "id": "sgrule-3652375365",
            "ipv6_cidr_blocks": null,
            "prefix_list_ids": null,
            "protocol": "tcp",
            "security_group_id": "sg-0414447227cdd0e65",
            "security_group_rule_id": "sgr-0ba90704b940eb509",
            "self": false,
            "source_security_group_id": "sg-0f9f3a28a0645e6cb",
            "timeouts": null,
            "to_port": 80,
            "type": "ingress"
          },
          "sensitive_attributes": [],
          "private": "eyJlMmJmYjczMC1lY2FhLTExZTYtOGY4OC0zNDM2M2JjN2M0YzAiOnsiY3JlYXRlIjozMDAwMDAwMDAwMDB9LCJzY2hlbWFfdmVyc2lvbiI6IjIifQ==",
          "dependencies": [
            "module.appserver_elb.aws_security_group.appserver_elb_sg",
            "module.ec2_appserver.aws_security_group.appserver_sg",
            "module.vpc.aws_vpc.cloudforce_vpc"
          ]
        }
      ]
    },
    {
      "module": "module.ec2_appserver",
      "mode": "managed",
      "type": "aws_security_group_rule",
      "name": "allow_tcp_web_443",
      "provider": "provider[\"registry.terraform.io/hashicorp/aws\"]",
      "instances": [
        {
          "schema_version": 2,
          "attributes": {
            "cidr_blocks": null,
            "description": "Allow HTTPS from public ELB",
            "from_port": 443,
            "id": "sgrule-3776284971",
            "ipv6_cidr_blocks": null,
            "prefix_list_ids": null,
            "protocol": "tcp",
            "security_group_id": "sg-0414447227cdd0e65",
            "security_group_rule_id": "sgr-0e9c722d0bd068285",
            "self": false,
            "source_security_group_id": "sg-09de2cc5cfe6886d1",
            "timeouts": null,
            "to_port": 443,
            "type": "ingress"
          },
          "sensitive_attributes": [],
          "private": "eyJlMmJmYjczMC1lY2FhLTExZTYtOGY4OC0zNDM2M2JjN2M0YzAiOnsiY3JlYXRlIjozMDAwMDAwMDAwMDB9LCJzY2hlbWFfdmVyc2lvbiI6IjIifQ==",
          "dependencies": [
            "module.ec2_appserver.aws_security_group.appserver_sg",
            "module.public_elb.aws_security_group.web_elb_sg",
            "module.vpc.aws_vpc.cloudforce_vpc"
          ]
        }
      ]
    },
    {
      "module": "module.ec2_appserver",
      "mode": "managed",
      "type": "aws_security_group_rule",
      "name": "allow_tcp_web_80",
      "provider": "provider[\"registry.terraform.io/hashicorp/aws\"]",
      "instances": [
        {
          "schema_version": 2,
          "attributes": {
            "cidr_blocks": null,
            "description": "Allow HTTP from public ELB",
            "from_port": 80,
            "id": "sgrule-533899226",
            "ipv6_cidr_blocks": null,
            "prefix_list_ids": null,
            "protocol": "tcp",
            "security_group_id": "sg-0414447227cdd0e65",
            "security_group_rule_id": "sgr-0905f8d062bbdeb7b",
            "self": false,
            "source_security_group_id": "sg-09de2cc5cfe6886d1",
            "timeouts": null,
            "to_port": 80,
            "type": "ingress"
          },
          "sensitive_attributes": [],
          "private": "eyJlMmJmYjczMC1lY2FhLTExZTYtOGY4OC0zNDM2M2JjN2M0YzAiOnsiY3JlYXRlIjozMDAwMDAwMDAwMDB9LCJzY2hlbWFfdmVyc2lvbiI6IjIifQ==",
          "dependencies": [
            "module.ec2_appserver.aws_security_group.appserver_sg",
            "module.public_elb.aws_security_group.web_elb_sg",
            "module.vpc.aws_vpc.cloudforce_vpc"
          ]
        }
      ]
    },
    {
      "module": "module.ec2_webserver",
      "mode": "managed",
      "type": "aws_launch_template",
      "name": "frontend",
      "provider": "provider[\"registry.terraform.io/hashicorp/aws\"]",
      "instances": [
        {
          "schema_version": 0,
          "attributes": {
            "arn": "arn:aws:ec2:us-east-1:689587120140:launch-template/lt-0f93bea0b81baeb73",
            "block_device_mappings": [],
            "capacity_reservation_specification": [],
            "cpu_options": [],
            "credit_specification": [],
            "default_version": 1,
            "description": "",
            "disable_api_stop": false,
            "disable_api_termination": false,
            "ebs_optimized": "",
            "elastic_gpu_specifications": [],
            "elastic_inference_accelerator": [],
            "enclave_options": [],
            "hibernation_options": [],
            "iam_instance_profile": [],
            "id": "lt-0f93bea0b81baeb73",
            "image_id": "ami-0557a15b87f6559cf",
            "instance_initiated_shutdown_behavior": "",
            "instance_market_options": [],
            "instance_requirements": [],
            "instance_type": "t2.micro",
            "kernel_id": "",
            "key_name": "",
            "latest_version": 1,
            "license_specification": [],
            "maintenance_options": [],
            "metadata_options": [],
            "monitoring": [],
            "name": "frontend20241001074719652900000003",
            "name_prefix": "frontend",
            "network_interfaces": [
              {
                "associate_carrier_ip_address": "",
                "associate_public_ip_address": "true",
                "delete_on_termination": "",
                "description": "",
                "device_index": 0,
                "interface_type": "",
                "ipv4_address_count": 0,
                "ipv4_addresses": [],
                "ipv4_prefix_count": 0,
                "ipv4_prefixes": [],
                "ipv6_address_count": 0,
                "ipv6_addresses": [],
                "ipv6_prefix_count": 0,
                "ipv6_prefixes": [],
                "network_card_index": 0,
                "network_interface_id": "",
                "primary_ipv6": "",
                "private_ip_address": "",
                "security_groups": [
                  "sg-0987b452d0db59690"
                ],
                "subnet_id": ""
              }
            ],
            "placement": [],
            "private_dns_name_options": [],
            "ram_disk_id": "",
            "security_group_names": [],
            "tag_specifications": [],
            "tags": {},
            "tags_all": {},
            "update_default_version": null,
            "user_data": "IyEvYmluL2Jhc2gKIyBJbnN0YWxsIGRvY2tlcgphcHQtZ2V0IHVwZGF0ZQphcHQtZ2V0IGluc3RhbGwgLXkgYXB0LXRyYW5zcG9ydC1odHRwcyBjYS1jZXJ0aWZpY2F0ZXMgY3VybCBzb2Z0d2FyZS1wcm9wZXJ0aWVzLWNvbW1vbgpjdXJsIC1mc1NMIGh0dHBzOi8vZG93bmxvYWQuZG9ja2VyLmNvbS9saW51eC91YnVudHUvZ3BnIHwgc3VkbyBhcHQta2V5IGFkZCAtCmFkZC1hcHQtcmVwb3NpdG9yeSBcCiAgICJkZWIgW2FyY2g9YW1kNjRdIGh0dHBzOi8vZG93bmxvYWQuZG9ja2VyLmNvbS9saW51eC91YnVudHUgXAogICAkKGxzYl9yZWxlYXNlIC1jcykgXAogICBzdGFibGUiCmFwdC1nZXQgdXBkYXRlCmFwdC1nZXQgaW5zdGFsbCAteSBkb2NrZXItY2UKdXNlcm1vZCAtYUcgZG9ja2VyIHVidW50dQojIHB1bGwgZnJvbnRlbmQgaW1hZ2UgZnJvbSBkb2NrZXJodWIKc3VkbyBkb2NrZXIgcHVsbCBtYXJjcmluZS9ib29rYXBwZnJvbnRlbmQKc3VkbyBkb2NrZXIgcnVuIC1kIC1wIDgwOjMwMDAgbWFyY3JpbmUvYm9va2FwcGZyb250ZW5k",
            "vpc_security_group_ids": []
          },
          "sensitive_attributes": [],
          "private": "bnVsbA==",
          "dependencies": [
            "module.ec2_webserver.aws_security_group.webserver_sg",
            "module.vpc.aws_vpc.cloudforce_vpc"
          ],
          "create_before_destroy": true
        }
      ]
    },
    {
      "module": "module.ec2_webserver",
      "mode": "managed",
      "type": "aws_security_group",
      "name": "webserver_sg",
      "provider": "provider[\"registry.terraform.io/hashicorp/aws\"]",
      "instances": [
        {
          "schema_version": 1,
          "attributes": {
            "arn": "arn:aws:ec2:us-east-1:689587120140:security-group/sg-0987b452d0db59690",
            "description": "allow traffic from port 80 \u0026 allow all outgoing traffic",
            "egress": [
              {
                "cidr_blocks": [
                  "0.0.0.0/0"
                ],
                "description": "Allow outbound traffic to internet",
                "from_port": 0,
                "ipv6_cidr_blocks": [],
                "prefix_list_ids": [],
                "protocol": "-1",
                "security_groups": [],
                "self": false,
                "to_port": 0
              }
            ],
            "id": "sg-0987b452d0db59690",
            "ingress": [
              {
                "cidr_blocks": [],
                "description": "Allow HTTP from public ELB",
                "from_port": 80,
                "ipv6_cidr_blocks": [],
                "prefix_list_ids": [],
                "protocol": "tcp",
                "security_groups": [
                  "sg-09de2cc5cfe6886d1"
                ],
                "self": false,
                "to_port": 80
              },
              {
                "cidr_blocks": [],
                "description": "Allow HTTPS from public ELB",
                "from_port": 443,
                "ipv6_cidr_blocks": [],
                "prefix_list_ids": [],
                "protocol": "tcp",
                "security_groups": [
                  "sg-09de2cc5cfe6886d1"
                ],
                "self": false,
                "to_port": 443
              }
            ],
            "name": "webserver_sg",
            "name_prefix": "",
            "owner_id": "689587120140",
            "revoke_rules_on_delete": false,
            "tags": {
              "Name": "webserver_sg"
            },
            "tags_all": {
              "Name": "webserver_sg"
            },
            "timeouts": null,
            "vpc_id": "vpc-051d33c1a610f8534"
          },
          "sensitive_attributes": [],
          "private": "eyJlMmJmYjczMC1lY2FhLTExZTYtOGY4OC0zNDM2M2JjN2M0YzAiOnsiY3JlYXRlIjo2MDAwMDAwMDAwMDAsImRlbGV0ZSI6OTAwMDAwMDAwMDAwfSwic2NoZW1hX3ZlcnNpb24iOiIxIn0=",
          "dependencies": [
            "module.vpc.aws_vpc.cloudforce_vpc"
          ],
          "create_before_destroy": true
        }
      ]
    },
    {
      "module": "module.ec2_webserver",
      "mode": "managed",
      "type": "aws_security_group_rule",
      "name": "allow_outbound_http",
      "provider": "provider[\"registry.terraform.io/hashicorp/aws\"]",
      "instances": [
        {
          "schema_version": 2,
          "attributes": {
            "cidr_blocks": [
              "0.0.0.0/0"
            ],
            "description": "Allow outbound traffic to internet",
            "from_port": 0,
            "id": "sgrule-1482651712",
            "ipv6_cidr_blocks": null,
            "prefix_list_ids": null,
            "protocol": "-1",
            "security_group_id": "sg-0987b452d0db59690",
            "security_group_rule_id": "sgr-0bccd8370a6ba036a",
            "self": false,
            "source_security_group_id": null,
            "timeouts": null,
            "to_port": 0,
            "type": "egress"
          },
          "sensitive_attributes": [],
          "private": "eyJlMmJmYjczMC1lY2FhLTExZTYtOGY4OC0zNDM2M2JjN2M0YzAiOnsiY3JlYXRlIjozMDAwMDAwMDAwMDB9LCJzY2hlbWFfdmVyc2lvbiI6IjIifQ==",
          "dependencies": [
            "module.ec2_webserver.aws_security_group.webserver_sg",
            "module.vpc.aws_vpc.cloudforce_vpc"
          ]
        }
      ]
    },
    {
      "module": "module.ec2_webserver",
      "mode": "managed",
      "type": "aws_security_group_rule",
      "name": "allow_tcp_web_443",
      "provider": "provider[\"registry.terraform.io/hashicorp/aws\"]",
      "instances": [
        {
          "schema_version": 2,
          "attributes": {
            "cidr_blocks": null,
            "description": "Allow HTTPS from public ELB",
            "from_port": 443,
            "id": "sgrule-1302996178",
            "ipv6_cidr_blocks": null,
            "prefix_list_ids": null,
            "protocol": "tcp",
            "security_group_id": "sg-0987b452d0db59690",
            "security_group_rule_id": "sgr-0c0f46fde12d7b9a6",
            "self": false,
            "source_security_group_id": "sg-09de2cc5cfe6886d1",
            "timeouts": null,
            "to_port": 443,
            "type": "ingress"
          },
          "sensitive_attributes": [],
          "private": "eyJlMmJmYjczMC1lY2FhLTExZTYtOGY4OC0zNDM2M2JjN2M0YzAiOnsiY3JlYXRlIjozMDAwMDAwMDAwMDB9LCJzY2hlbWFfdmVyc2lvbiI6IjIifQ==",
          "dependencies": [
            "module.ec2_webserver.aws_security_group.webserver_sg",
            "module.public_elb.aws_security_group.web_elb_sg",
            "module.vpc.aws_vpc.cloudforce_vpc"
          ]
        }
      ]
    },
    {
      "module": "module.ec2_webserver",
      "mode": "managed",
      "type": "aws_security_group_rule",
      "name": "allow_tcp_web_80",
      "provider": "provider[\"registry.terraform.io/hashicorp/aws\"]",
      "instances": [
        {
          "schema_version": 2,
          "attributes": {
            "cidr_blocks": null,
            "description": "Allow HTTP from public ELB",
            "from_port": 80,
            "id": "sgrule-4253646936",
            "ipv6_cidr_blocks": null,
            "prefix_list_ids": null,
            "protocol": "tcp",
            "security_group_id": "sg-0987b452d0db59690",
            "security_group_rule_id": "sgr-06c652f9c68a3a89f",
            "self": false,
            "source_security_group_id": "sg-09de2cc5cfe6886d1",
            "timeouts": null,
            "to_port": 80,
            "type": "ingress"
          },
          "sensitive_attributes": [],
          "private": "eyJlMmJmYjczMC1lY2FhLTExZTYtOGY4OC0zNDM2M2JjN2M0YzAiOnsiY3JlYXRlIjozMDAwMDAwMDAwMDB9LCJzY2hlbWFfdmVyc2lvbiI6IjIifQ==",
          "dependencies": [
            "module.ec2_webserver.aws_security_group.webserver_sg",
            "module.public_elb.aws_security_group.web_elb_sg",
            "module.vpc.aws_vpc.cloudforce_vpc"
          ]
        }
      ]
    },
    {
      "module": "module.public_elb",
      "mode": "data",
      "type": "aws_ec2_managed_prefix_list",
      "name": "cloudfront",
      "provider": "provider[\"registry.terraform.io/hashicorp/aws\"]",
      "instances": [
        {
          "schema_version": 0,
          "attributes": {
            "address_family": "IPv4",
            "arn": "arn:aws:ec2:us-east-1:aws:prefix-list/pl-3b927c52",
            "entries": [
              {
                "cidr": "13.124.199.0/24",
                "description": ""
              },
              {
                "cidr": "130.176.0.0/18",
                "description": ""
              },
              {
                "cidr": "130.176.128.0/21",
                "description": ""
              },
              {
                "cidr": "130.176.136.0/23",
                "description": ""
              },
              {
                "cidr": "130.176.140.0/22",
                "description": ""
              },
              {
                "cidr": "130.176.144.0/20",
                "description": ""
              },
              {
                "cidr": "130.176.160.0/19",
                "description": ""
              },
              {
                "cidr": "130.176.192.0/19",
                "description": ""
              },
              {
                "cidr": "130.176.64.0/21",
                "description": ""
              },
              {
                "cidr": "130.176.72.0/22",
                "description": ""
              },
              {
                "cidr": "130.176.76.0/24",
                "description": ""
              },
              {
                "cidr": "130.176.78.0/23",
                "description": ""
              },
              {
                "cidr": "130.176.80.0/22",
                "description": ""
              },
              {
                "cidr": "130.176.86.0/23",
                "description": ""
              },
              {
                "cidr": "130.176.88.0/21",
                "description": ""
              },
              {
                "cidr": "130.176.96.0/19",
                "description": ""
              },
              {
                "cidr": "15.158.0.0/16",
                "description": ""
              },
              {
                "cidr": "18.68.0.0/16",
                "description": ""
              },
              {
                "cidr": "204.246.166.0/24",
                "description": ""
              },
              {
                "cidr": "205.251.218.0/24",
                "description": ""
              },
              {
                "cidr": "3.172.0.0/18",
                "description": ""
              },
              {
                "cidr": "3.172.64.0/18",
                "description": ""
              },
              {
                "cidr": "3.29.57.0/26",
                "description": ""
              },
              {
                "cidr": "52.46.0.0/22",
                "description": ""
              },
              {
                "cidr": "52.46.16.0/20",
                "description": ""
              },
              {
                "cidr": "52.46.32.0/19",
                "description": ""
              },
              {
                "cidr": "52.46.4.0/23",
                "description": ""
              },
              {
                "cidr": "52.82.128.0/23",
                "description": ""
              },
              {
                "cidr": "52.82.134.0/23",
                "description": ""
              },
              {
                "cidr": "54.182.128.0/20",
                "description": ""
              },
              {
                "cidr": "54.182.144.0/21",
                "description": ""
              },
              {
                "cidr": "54.182.154.0/23",
                "description": ""
              },
              {
                "cidr": "54.182.156.0/22",
                "description": ""
              },
              {
                "cidr": "54.182.160.0/21",
                "description": ""
              },
              {
                "cidr": "54.182.172.0/22",
                "description": ""
              },
              {
                "cidr": "54.182.176.0/21",
                "description": ""
              },
              {
                "cidr": "54.182.184.0/22",
                "description": ""
              },
              {
                "cidr": "54.182.188.0/23",
                "description": ""
              },
              {
                "cidr": "54.182.224.0/21",
                "description": ""
              },
              {
                "cidr": "54.182.240.0/21",
                "description": ""
              },
              {
                "cidr": "54.182.248.0/22",
                "description": ""
              },
              {
                "cidr": "54.239.134.0/23",
                "description": ""
              },
              {
                "cidr": "54.239.170.0/23",
                "description": ""
              },
              {
                "cidr": "54.239.204.0/22",
                "description": ""
              },
              {
                "cidr": "54.239.208.0/21",
                "description": ""
              },
              {
                "cidr": "64.252.128.0/18",
                "description": ""
              },
              {
                "cidr": "64.252.64.0/18",
                "description": ""
              },
              {
                "cidr": "70.132.0.0/18",
                "description": ""
              }
            ],
            "filter": null,
            "id": "pl-3b927c52",
            "max_entries": 0,
            "name": "com.amazonaws.global.cloudfront.origin-facing",
            "owner_id": "AWS",
            "tags": {},
            "timeouts": null,
            "version": 0
          },
          "sensitive_attributes": []
        }
      ]
    },
    {
      "module": "module.public_elb",
      "mode": "managed",
      "type": "aws_lb",
      "name": "frontend_lb",
      "provider": "provider[\"registry.terraform.io/hashicorp/aws\"]",
      "instances": [
        {
          "schema_version": 0,
          "attributes": {
            "access_logs": [
              {
                "bucket": "",
                "enabled": false,
                "prefix": ""
              }
            ],
            "arn": "arn:aws:elasticloadbalancing:us-east-1:689587120140:loadbalancer/app/frontend-lb/99cc85a8fe84b37d",
            "arn_suffix": "app/frontend-lb/99cc85a8fe84b37d",
            "client_keep_alive": 3600,
            "connection_logs": [
              {
                "bucket": "",
                "enabled": false,
                "prefix": ""
              }
            ],
            "customer_owned_ipv4_pool": "",
            "desync_mitigation_mode": "defensive",
            "dns_name": "frontend-lb-1855407254.us-east-1.elb.amazonaws.com",
            "dns_record_client_routing_policy": null,
            "drop_invalid_header_fields": false,
            "enable_cross_zone_load_balancing": true,
            "enable_deletion_protection": false,
            "enable_http2": true,
            "enable_tls_version_and_cipher_suite_headers": false,
            "enable_waf_fail_open": false,
            "enable_xff_client_port": false,
            "enforce_security_group_inbound_rules_on_private_link_traffic": "",
            "id": "arn:aws:elasticloadbalancing:us-east-1:689587120140:loadbalancer/app/frontend-lb/99cc85a8fe84b37d",
            "idle_timeout": 60,
            "internal": false,
            "ip_address_type": "ipv4",
            "load_balancer_type": "application",
            "name": "frontend-lb",
            "name_prefix": "",
            "preserve_host_header": false,
            "security_groups": [
              "sg-09de2cc5cfe6886d1"
            ],
            "subnet_mapping": [
              {
                "allocation_id": "",
                "ipv6_address": "",
                "outpost_id": "",
                "private_ipv4_address": "",
                "subnet_id": "subnet-01f8affc3903bdd90"
              },
              {
                "allocation_id": "",
                "ipv6_address": "",
                "outpost_id": "",
                "private_ipv4_address": "",
                "subnet_id": "subnet-0e26babe84109837d"
              }
            ],
            "subnets": [
              "subnet-01f8affc3903bdd90",
              "subnet-0e26babe84109837d"
            ],
            "tags": {
              "Environment": "test"
            },
            "tags_all": {
              "Environment": "test"
            },
            "timeouts": null,
            "vpc_id": "vpc-051d33c1a610f8534",
            "xff_header_processing_mode": "append",
            "zone_id": "Z35SXDOTRQ7X7K"
          },
          "sensitive_attributes": [],
          "private": "eyJlMmJmYjczMC1lY2FhLTExZTYtOGY4OC0zNDM2M2JjN2M0YzAiOnsiY3JlYXRlIjo2MDAwMDAwMDAwMDAsImRlbGV0ZSI6NjAwMDAwMDAwMDAwLCJ1cGRhdGUiOjYwMDAwMDAwMDAwMH19",
          "dependencies": [
            "module.public_elb.aws_security_group.web_elb_sg",
            "module.vpc.aws_subnet.cloudforce_publicA",
            "module.vpc.aws_subnet.cloudforce_publicB",
            "module.vpc.aws_vpc.cloudforce_vpc"
          ]
        }
      ]
    },
    {
      "module": "module.public_elb",
      "mode": "managed",
      "type": "aws_lb_listener",
      "name": "frontendListener",
      "provider": "provider[\"registry.terraform.io/hashicorp/aws\"]",
      "instances": [
        {
          "schema_version": 0,
          "attributes": {
            "alpn_policy": null,
            "arn": "arn:aws:elasticloadbalancing:us-east-1:689587120140:listener/app/frontend-lb/99cc85a8fe84b37d/fcc104816df7ba35",
            "certificate_arn": null,
            "default_action": [
              {
                "authenticate_cognito": [],
                "authenticate_oidc": [],
                "fixed_response": [],
                "forward": [],
                "order": 1,
                "redirect": [],
                "target_group_arn": "arn:aws:elasticloadbalancing:us-east-1:689587120140:targetgroup/frontendTG/48a2fa23c479896d",
                "type": "forward"
              }
            ],
            "id": "arn:aws:elasticloadbalancing:us-east-1:689587120140:listener/app/frontend-lb/99cc85a8fe84b37d/fcc104816df7ba35",
            "load_balancer_arn": "arn:aws:elasticloadbalancing:us-east-1:689587120140:loadbalancer/app/frontend-lb/99cc85a8fe84b37d",
            "mutual_authentication": [],
            "port": 80,
            "protocol": "HTTP",
            "ssl_policy": "",
            "tags": {},
            "tags_all": {},
            "timeouts": null
          },
          "sensitive_attributes": [],
          "private": "eyJlMmJmYjczMC1lY2FhLTExZTYtOGY4OC0zNDM2M2JjN2M0YzAiOnsiY3JlYXRlIjozMDAwMDAwMDAwMDAsInVwZGF0ZSI6MzAwMDAwMDAwMDAwfX0=",
          "dependencies": [
            "module.public_elb.aws_lb.frontend_lb",
            "module.public_elb.aws_lb_target_group.frontendTG",
            "module.public_elb.aws_security_group.web_elb_sg",
            "module.vpc.aws_subnet.cloudforce_publicA",
            "module.vpc.aws_subnet.cloudforce_publicB",
            "module.vpc.aws_vpc.cloudforce_vpc"
          ]
        }
      ]
    },
    {
      "module": "module.public_elb",
      "mode": "managed",
      "type": "aws_lb_target_group",
      "name": "frontendTG",
      "provider": "provider[\"registry.terraform.io/hashicorp/aws\"]",
      "instances": [
        {
          "schema_version": 0,
          "attributes": {
            "arn": "arn:aws:elasticloadbalancing:us-east-1:689587120140:targetgroup/frontendTG/48a2fa23c479896d",
            "arn_suffix": "targetgroup/frontendTG/48a2fa23c479896d",
            "connection_termination": null,
            "deregistration_delay": "300",
            "health_check": [
              {
                "enabled": true,
                "healthy_threshold": 3,
                "interval": 30,
                "matcher": "200",
                "path": "/",
                "port": "80",
                "protocol": "HTTP",
                "timeout": 5,
                "unhealthy_threshold": 3
              }
            ],
            "id": "arn:aws:elasticloadbalancing:us-east-1:689587120140:targetgroup/frontendTG/48a2fa23c479896d",
            "ip_address_type": "ipv4",
            "lambda_multi_value_headers_enabled": false,
            "load_balancer_arns": [
              "arn:aws:elasticloadbalancing:us-east-1:689587120140:loadbalancer/app/frontend-lb/99cc85a8fe84b37d"
            ],
            "load_balancing_algorithm_type": "round_robin",
            "load_balancing_anomaly_mitigation": "off",
            "load_balancing_cross_zone_enabled": "use_load_balancer_configuration",
            "name": "frontendTG",
            "name_prefix": "",
            "port": 80,
            "preserve_client_ip": null,
            "protocol": "HTTP",
            "protocol_version": "HTTP1",
            "proxy_protocol_v2": false,
            "slow_start": 0,
            "stickiness": [
              {
                "cookie_duration": 86400,
                "cookie_name": "",
                "enabled": false,
                "type": "lb_cookie"
              }
            ],
            "tags": {},
            "tags_all": {},
            "target_failover": [
              {
                "on_deregistration": null,
                "on_unhealthy": null
              }
            ],
            "target_group_health": [
              {
                "dns_failover": [
                  {
                    "minimum_healthy_targets_count": "1",
                    "minimum_healthy_targets_percentage": "off"
                  }
                ],
                "unhealthy_state_routing": [
                  {
                    "minimum_healthy_targets_count": 1,
                    "minimum_healthy_targets_percentage": "off"
                  }
                ]
              }
            ],
            "target_health_state": [
              {
                "enable_unhealthy_connection_termination": null,
                "unhealthy_draining_interval": null
              }
            ],
            "target_type": "instance",
            "vpc_id": "vpc-051d33c1a610f8534"
          },
          "sensitive_attributes": [],
          "private": "bnVsbA==",
          "dependencies": [
            "module.vpc.aws_vpc.cloudforce_vpc"
          ]
        }
      ]
    },
    {
      "module": "module.public_elb",
      "mode": "managed",
      "type": "aws_security_group",
      "name": "web_elb_sg",
      "provider": "provider[\"registry.terraform.io/hashicorp/aws\"]",
      "instances": [
        {
          "schema_version": 1,
          "attributes": {
            "arn": "arn:aws:ec2:us-east-1:689587120140:security-group/sg-09de2cc5cfe6886d1",
            "description": "Allow traffic from the internet \u0026 allow all outgoing traffic to webservers",
            "egress": [
              {
                "cidr_blocks": [],
                "description": "Allow outbound HTTPS traffic to web servers",
                "from_port": 80,
                "ipv6_cidr_blocks": [],
                "prefix_list_ids": [],
                "protocol": "tcp",
                "security_groups": [
                  "sg-0987b452d0db59690"
                ],
                "self": false,
                "to_port": 443
              }
            ],
            "id": "sg-09de2cc5cfe6886d1",
            "ingress": [
              {
                "cidr_blocks": [],
                "description": "",
                "from_port": 80,
                "ipv6_cidr_blocks": [],
                "prefix_list_ids": [
                  "pl-3b927c52"
                ],
                "protocol": "tcp",
                "security_groups": [],
                "self": false,
                "to_port": 443
              }
            ],
            "name": "web_elb_sg",
            "name_prefix": "",
            "owner_id": "689587120140",
            "revoke_rules_on_delete": false,
            "tags": {
              "Name": "web_elb_sg"
            },
            "tags_all": {
              "Name": "web_elb_sg"
            },
            "timeouts": null,
            "vpc_id": "vpc-051d33c1a610f8534"
          },
          "sensitive_attributes": [],
          "private": "eyJlMmJmYjczMC1lY2FhLTExZTYtOGY4OC0zNDM2M2JjN2M0YzAiOnsiY3JlYXRlIjo2MDAwMDAwMDAwMDAsImRlbGV0ZSI6OTAwMDAwMDAwMDAwfSwic2NoZW1hX3ZlcnNpb24iOiIxIn0=",
          "dependencies": [
            "module.vpc.aws_vpc.cloudforce_vpc"
          ]
        }
      ]
    },
    {
      "module": "module.public_elb",
      "mode": "managed",
      "type": "aws_security_group_rule",
      "name": "allow_inbound_webelb_80",
      "provider": "provider[\"registry.terraform.io/hashicorp/aws\"]",
      "instances": [
        {
          "schema_version": 2,
          "attributes": {
            "cidr_blocks": null,
            "description": null,
            "from_port": 80,
            "id": "sgrule-1180472035",
            "ipv6_cidr_blocks": null,
            "prefix_list_ids": [
              "pl-3b927c52"
            ],
            "protocol": "tcp",
            "security_group_id": "sg-09de2cc5cfe6886d1",
            "security_group_rule_id": "sgr-093aaa9f929e556e9",
            "self": false,
            "source_security_group_id": null,
            "timeouts": null,
            "to_port": 443,
            "type": "ingress"
          },
          "sensitive_attributes": [],
          "private": "eyJlMmJmYjczMC1lY2FhLTExZTYtOGY4OC0zNDM2M2JjN2M0YzAiOnsiY3JlYXRlIjozMDAwMDAwMDAwMDB9LCJzY2hlbWFfdmVyc2lvbiI6IjIifQ==",
          "dependencies": [
            "module.public_elb.aws_security_group.web_elb_sg",
            "module.public_elb.data.aws_ec2_managed_prefix_list.cloudfront",
            "module.vpc.aws_vpc.cloudforce_vpc"
          ]
        }
      ]
    },
    {
      "module": "module.public_elb",
      "mode": "managed",
      "type": "aws_security_group_rule",
      "name": "allow_outbound_https_to_web_servers",
      "provider": "provider[\"registry.terraform.io/hashicorp/aws\"]",
      "instances": [
        {
          "schema_version": 2,
          "attributes": {
            "cidr_blocks": null,
            "description": "Allow outbound HTTPS traffic to web servers",
            "from_port": 80,
            "id": "sgrule-3368096496",
            "ipv6_cidr_blocks": null,
            "prefix_list_ids": null,
            "protocol": "tcp",
            "security_group_id": "sg-09de2cc5cfe6886d1",
            "security_group_rule_id": "sgr-0f03a0e4e63c46628",
            "self": false,
            "source_security_group_id": "sg-0987b452d0db59690",
            "timeouts": null,
            "to_port": 443,
            "type": "egress"
          },
          "sensitive_attributes": [],
          "private": "eyJlMmJmYjczMC1lY2FhLTExZTYtOGY4OC0zNDM2M2JjN2M0YzAiOnsiY3JlYXRlIjozMDAwMDAwMDAwMDB9LCJzY2hlbWFfdmVyc2lvbiI6IjIifQ==",
          "dependencies": [
            "module.ec2_webserver.aws_security_group.webserver_sg",
            "module.public_elb.aws_security_group.web_elb_sg",
            "module.vpc.aws_vpc.cloudforce_vpc"
          ]
        }
      ]
    },
    {
      "module": "module.vpc",
      "mode": "managed",
      "type": "aws_eip",
      "name": "cloud_natgateway_eip",
      "provider": "provider[\"registry.terraform.io/hashicorp/aws\"]",
      "instances": [
        {
          "schema_version": 0,
          "attributes": {
            "address": null,
            "allocation_id": "eipalloc-07215fb78c391ca65",
            "arn": "arn:aws:ec2:us-east-1:689587120140:elastic-ip/eipalloc-07215fb78c391ca65",
            "associate_with_private_ip": null,
            "association_id": "eipassoc-03749c2553c6fd987",
            "carrier_ip": "",
            "customer_owned_ip": "",
            "customer_owned_ipv4_pool": "",
            "domain": "vpc",
            "id": "eipalloc-07215fb78c391ca65",
            "instance": "",
            "network_border_group": "us-east-1",
            "network_interface": "eni-0a38a23964b4d8def",
            "private_dns": "ip-10-0-1-67.ec2.internal",
            "private_ip": "10.0.1.67",
            "ptr_record": "",
            "public_dns": "ec2-54-88-45-135.compute-1.amazonaws.com",
            "public_ip": "54.88.45.135",
            "public_ipv4_pool": "amazon",
            "tags": {},
            "tags_all": {},
            "timeouts": null,
            "vpc": true
          },
          "sensitive_attributes": [],
          "private": "eyJlMmJmYjczMC1lY2FhLTExZTYtOGY4OC0zNDM2M2JjN2M0YzAiOnsiZGVsZXRlIjoxODAwMDAwMDAwMDAsInJlYWQiOjkwMDAwMDAwMDAwMCwidXBkYXRlIjozMDAwMDAwMDAwMDB9fQ=="
        }
      ]
    },
    {
      "module": "module.vpc",
      "mode": "managed",
      "type": "aws_internet_gateway",
      "name": "cloudforce_igw",
      "provider": "provider[\"registry.terraform.io/hashicorp/aws\"]",
      "instances": [
        {
          "schema_version": 0,
          "attributes": {
            "arn": "arn:aws:ec2:us-east-1:689587120140:internet-gateway/igw-0012678b606d10512",
            "id": "igw-0012678b606d10512",
            "owner_id": "689587120140",
            "tags": {
              "Name": "cloudforce_igw"
            },
            "tags_all": {
              "Name": "cloudforce_igw"
            },
            "timeouts": null,
            "vpc_id": "vpc-051d33c1a610f8534"
          },
          "sensitive_attributes": [],
          "private": "eyJlMmJmYjczMC1lY2FhLTExZTYtOGY4OC0zNDM2M2JjN2M0YzAiOnsiY3JlYXRlIjoxMjAwMDAwMDAwMDAwLCJkZWxldGUiOjEyMDAwMDAwMDAwMDAsInVwZGF0ZSI6MTIwMDAwMDAwMDAwMH19",
          "dependencies": [
            "module.vpc.aws_vpc.cloudforce_vpc"
          ]
        }
      ]
    },
    {
      "module": "module.vpc",
      "mode": "managed",
      "type": "aws_nat_gateway",
      "name": "cloudNAT",
      "provider": "provider[\"registry.terraform.io/hashicorp/aws\"]",
      "instances": [
        {
          "schema_version": 0,
          "attributes": {
            "allocation_id": "eipalloc-07215fb78c391ca65",
            "association_id": "eipassoc-03749c2553c6fd987",
            "connectivity_type": "public",
            "id": "nat-0f8afc33d9a8f5f06",
            "network_interface_id": "eni-0a38a23964b4d8def",
            "private_ip": "10.0.1.67",
            "public_ip": "54.88.45.135",
            "secondary_allocation_ids": [],
            "secondary_private_ip_address_count": 0,
            "secondary_private_ip_addresses": [],
            "subnet_id": "subnet-01f8affc3903bdd90",
            "tags": {
              "Name": "NAT gateway 1"
            },
            "tags_all": {
              "Name": "NAT gateway 1"
            },
            "timeouts": null
          },
          "sensitive_attributes": [],
          "private": "eyJlMmJmYjczMC1lY2FhLTExZTYtOGY4OC0zNDM2M2JjN2M0YzAiOnsiY3JlYXRlIjo2MDAwMDAwMDAwMDAsImRlbGV0ZSI6MTgwMDAwMDAwMDAwMCwidXBkYXRlIjo2MDAwMDAwMDAwMDB9fQ==",
          "dependencies": [
            "module.vpc.aws_eip.cloud_natgateway_eip",
            "module.vpc.aws_subnet.cloudforce_publicA",
            "module.vpc.aws_vpc.cloudforce_vpc"
          ]
        }
      ]
    },
    {
      "module": "module.vpc",
      "mode": "managed",
      "type": "aws_route",
      "name": "cloudforce_rt",
      "provider": "provider[\"registry.terraform.io/hashicorp/aws\"]",
      "instances": [
        {
          "schema_version": 0,
          "attributes": {
            "carrier_gateway_id": "",
            "core_network_arn": "",
            "destination_cidr_block": "0.0.0.0/0",
            "destination_ipv6_cidr_block": "",
            "destination_prefix_list_id": "",
            "egress_only_gateway_id": "",
            "gateway_id": "igw-0012678b606d10512",
            "id": "r-rtb-0a46c6b7bd60657701080289494",
            "instance_id": "",
            "instance_owner_id": "",
            "local_gateway_id": "",
            "nat_gateway_id": "",
            "network_interface_id": "",
            "origin": "CreateRoute",
            "route_table_id": "rtb-0a46c6b7bd6065770",
            "state": "active",
            "timeouts": null,
            "transit_gateway_id": "",
            "vpc_endpoint_id": "",
            "vpc_peering_connection_id": ""
          },
          "sensitive_attributes": [],
          "private": "eyJlMmJmYjczMC1lY2FhLTExZTYtOGY4OC0zNDM2M2JjN2M0YzAiOnsiY3JlYXRlIjozMDAwMDAwMDAwMDAsImRlbGV0ZSI6MzAwMDAwMDAwMDAwLCJ1cGRhdGUiOjEyMDAwMDAwMDAwMH19",
          "dependencies": [
            "module.vpc.aws_internet_gateway.cloudforce_igw",
            "module.vpc.aws_route_table.cloudforce_rtb_public",
            "module.vpc.aws_vpc.cloudforce_vpc"
          ]
        }
      ]
    },
    {
      "module": "module.vpc",
      "mode": "managed",
      "type": "aws_route_table",
      "name": "NAT_Gateway_RT",
      "provider": "provider[\"registry.terraform.io/hashicorp/aws\"]",
      "instances": [
        {
          "schema_version": 0,
          "attributes": {
            "arn": "arn:aws:ec2:us-east-1:689587120140:route-table/rtb-05b43fc54276a6f08",
            "id": "rtb-05b43fc54276a6f08",
            "owner_id": "689587120140",
            "propagating_vgws": [],
            "route": [
              {
                "carrier_gateway_id": "",
                "cidr_block": "0.0.0.0/0",
                "core_network_arn": "",
                "destination_prefix_list_id": "",
                "egress_only_gateway_id": "",
                "gateway_id": "",
                "ipv6_cidr_block": "",
                "local_gateway_id": "",
                "nat_gateway_id": "nat-0f8afc33d9a8f5f06",
                "network_interface_id": "",
                "transit_gateway_id": "",
                "vpc_endpoint_id": "",
                "vpc_peering_connection_id": ""
              }
            ],
            "tags": {
              "Name": "Route Table for NAT Gateway"
            },
            "tags_all": {
              "Name": "Route Table for NAT Gateway"
            },
            "timeouts": null,
            "vpc_id": "vpc-051d33c1a610f8534"
          },
          "sensitive_attributes": [],
          "private": "eyJlMmJmYjczMC1lY2FhLTExZTYtOGY4OC0zNDM2M2JjN2M0YzAiOnsiY3JlYXRlIjozMDAwMDAwMDAwMDAsImRlbGV0ZSI6MzAwMDAwMDAwMDAwLCJ1cGRhdGUiOjEyMDAwMDAwMDAwMH19",
          "dependencies": [
            "module.vpc.aws_eip.cloud_natgateway_eip",
            "module.vpc.aws_nat_gateway.cloudNAT",
            "module.vpc.aws_subnet.cloudforce_publicA",
            "module.vpc.aws_vpc.cloudforce_vpc"
          ]
        }
      ]
    },
    {
      "module": "module.vpc",
      "mode": "managed",
      "type": "aws_route_table",
      "name": "cloudforce_rtb_public",
      "provider": "provider[\"registry.terraform.io/hashicorp/aws\"]",
      "instances": [
        {
          "schema_version": 0,
          "attributes": {
            "arn": "arn:aws:ec2:us-east-1:689587120140:route-table/rtb-0a46c6b7bd6065770",
            "id": "rtb-0a46c6b7bd6065770",
            "owner_id": "689587120140",
            "propagating_vgws": [],
            "route": [
              {
                "carrier_gateway_id": "",
                "cidr_block": "0.0.0.0/0",
                "core_network_arn": "",
                "destination_prefix_list_id": "",
                "egress_only_gateway_id": "",
                "gateway_id": "igw-0012678b606d10512",
                "ipv6_cidr_block": "",
                "local_gateway_id": "",
                "nat_gateway_id": "",
                "network_interface_id": "",
                "transit_gateway_id": "",
                "vpc_endpoint_id": "",
                "vpc_peering_connection_id": ""
              }
            ],
            "tags": {
              "Name": "cloudforce_rtb_public"
            },
            "tags_all": {
              "Name": "cloudforce_rtb_public"
            },
            "timeouts": null,
            "vpc_id": "vpc-051d33c1a610f8534"
          },
          "sensitive_attributes": [],
          "private": "eyJlMmJmYjczMC1lY2FhLTExZTYtOGY4OC0zNDM2M2JjN2M0YzAiOnsiY3JlYXRlIjozMDAwMDAwMDAwMDAsImRlbGV0ZSI6MzAwMDAwMDAwMDAwLCJ1cGRhdGUiOjEyMDAwMDAwMDAwMH19",
          "dependencies": [
            "module.vpc.aws_vpc.cloudforce_vpc"
          ]
        }
      ]
    },
    {
      "module": "module.vpc",
      "mode": "managed",
      "type": "aws_route_table_association",
      "name": "rt_ass_private",
      "provider": "provider[\"registry.terraform.io/hashicorp/aws\"]",
      "instances": [
        {
          "index_key": 0,
          "schema_version": 0,
          "attributes": {
            "gateway_id": "",
            "id": "rtbassoc-02213cb60b90dd522",
            "route_table_id": "rtb-05b43fc54276a6f08",
            "subnet_id": "subnet-0ddee619789c4da7d",
            "timeouts": null
          },
          "sensitive_attributes": [],
          "private": "eyJlMmJmYjczMC1lY2FhLTExZTYtOGY4OC0zNDM2M2JjN2M0YzAiOnsiY3JlYXRlIjozMDAwMDAwMDAwMDAsImRlbGV0ZSI6MzAwMDAwMDAwMDAwLCJ1cGRhdGUiOjEyMDAwMDAwMDAwMH19",
          "dependencies": [
            "module.vpc.aws_eip.cloud_natgateway_eip",
            "module.vpc.aws_nat_gateway.cloudNAT",
            "module.vpc.aws_route_table.NAT_Gateway_RT",
            "module.vpc.aws_subnet.cloudforce_privateA",
            "module.vpc.aws_subnet.cloudforce_privateB",
            "module.vpc.aws_subnet.cloudforce_privateC",
            "module.vpc.aws_subnet.cloudforce_privateD",
            "module.vpc.aws_subnet.cloudforce_publicA",
            "module.vpc.aws_vpc.cloudforce_vpc"
          ]
        },
        {
          "index_key": 1,
          "schema_version": 0,
          "attributes": {
            "gateway_id": "",
            "id": "rtbassoc-0685ad93b44d064eb",
            "route_table_id": "rtb-05b43fc54276a6f08",
            "subnet_id": "subnet-0f907c72667c5de1b",
            "timeouts": null
          },
          "sensitive_attributes": [],
          "private": "eyJlMmJmYjczMC1lY2FhLTExZTYtOGY4OC0zNDM2M2JjN2M0YzAiOnsiY3JlYXRlIjozMDAwMDAwMDAwMDAsImRlbGV0ZSI6MzAwMDAwMDAwMDAwLCJ1cGRhdGUiOjEyMDAwMDAwMDAwMH19",
          "dependencies": [
            "module.vpc.aws_eip.cloud_natgateway_eip",
            "module.vpc.aws_nat_gateway.cloudNAT",
            "module.vpc.aws_route_table.NAT_Gateway_RT",
            "module.vpc.aws_subnet.cloudforce_privateA",
            "module.vpc.aws_subnet.cloudforce_privateB",
            "module.vpc.aws_subnet.cloudforce_privateC",
            "module.vpc.aws_subnet.cloudforce_privateD",
            "module.vpc.aws_subnet.cloudforce_publicA",
            "module.vpc.aws_vpc.cloudforce_vpc"
          ]
        },
        {
          "index_key": 2,
          "schema_version": 0,
          "attributes": {
            "gateway_id": "",
            "id": "rtbassoc-0ff37fa0c8f110fa3",
            "route_table_id": "rtb-05b43fc54276a6f08",
            "subnet_id": "subnet-04aa517d19756a44e",
            "timeouts": null
          },
          "sensitive_attributes": [],
          "private": "eyJlMmJmYjczMC1lY2FhLTExZTYtOGY4OC0zNDM2M2JjN2M0YzAiOnsiY3JlYXRlIjozMDAwMDAwMDAwMDAsImRlbGV0ZSI6MzAwMDAwMDAwMDAwLCJ1cGRhdGUiOjEyMDAwMDAwMDAwMH19",
          "dependencies": [
            "module.vpc.aws_eip.cloud_natgateway_eip",
            "module.vpc.aws_nat_gateway.cloudNAT",
            "module.vpc.aws_route_table.NAT_Gateway_RT",
            "module.vpc.aws_subnet.cloudforce_privateA",
            "module.vpc.aws_subnet.cloudforce_privateB",
            "module.vpc.aws_subnet.cloudforce_privateC",
            "module.vpc.aws_subnet.cloudforce_privateD",
            "module.vpc.aws_subnet.cloudforce_publicA",
            "module.vpc.aws_vpc.cloudforce_vpc"
          ]
        },
        {
          "index_key": 3,
          "schema_version": 0,
          "attributes": {
            "gateway_id": "",
            "id": "rtbassoc-00a1f63b7ebaf853e",
            "route_table_id": "rtb-05b43fc54276a6f08",
            "subnet_id": "subnet-05b9a49c735e56e53",
            "timeouts": null
          },
          "sensitive_attributes": [],
          "private": "eyJlMmJmYjczMC1lY2FhLTExZTYtOGY4OC0zNDM2M2JjN2M0YzAiOnsiY3JlYXRlIjozMDAwMDAwMDAwMDAsImRlbGV0ZSI6MzAwMDAwMDAwMDAwLCJ1cGRhdGUiOjEyMDAwMDAwMDAwMH19",
          "dependencies": [
            "module.vpc.aws_eip.cloud_natgateway_eip",
            "module.vpc.aws_nat_gateway.cloudNAT",
            "module.vpc.aws_route_table.NAT_Gateway_RT",
            "module.vpc.aws_subnet.cloudforce_privateA",
            "module.vpc.aws_subnet.cloudforce_privateB",
            "module.vpc.aws_subnet.cloudforce_privateC",
            "module.vpc.aws_subnet.cloudforce_privateD",
            "module.vpc.aws_subnet.cloudforce_publicA",
            "module.vpc.aws_vpc.cloudforce_vpc"
          ]
        }
      ]
    },
    {
      "module": "module.vpc",
      "mode": "managed",
      "type": "aws_route_table_association",
      "name": "rt_ass_public",
      "provider": "provider[\"registry.terraform.io/hashicorp/aws\"]",
      "instances": [
        {
          "index_key": 0,
          "schema_version": 0,
          "attributes": {
            "gateway_id": "",
            "id": "rtbassoc-095d4556082161f32",
            "route_table_id": "rtb-0a46c6b7bd6065770",
            "subnet_id": "subnet-01f8affc3903bdd90",
            "timeouts": null
          },
          "sensitive_attributes": [],
          "private": "eyJlMmJmYjczMC1lY2FhLTExZTYtOGY4OC0zNDM2M2JjN2M0YzAiOnsiY3JlYXRlIjozMDAwMDAwMDAwMDAsImRlbGV0ZSI6MzAwMDAwMDAwMDAwLCJ1cGRhdGUiOjEyMDAwMDAwMDAwMH19",
          "dependencies": [
            "module.vpc.aws_route_table.cloudforce_rtb_public",
            "module.vpc.aws_subnet.cloudforce_publicA",
            "module.vpc.aws_subnet.cloudforce_publicB",
            "module.vpc.aws_vpc.cloudforce_vpc"
          ]
        },
        {
          "index_key": 1,
          "schema_version": 0,
          "attributes": {
            "gateway_id": "",
            "id": "rtbassoc-040cf22e5a7022716",
            "route_table_id": "rtb-0a46c6b7bd6065770",
            "subnet_id": "subnet-0e26babe84109837d",
            "timeouts": null
          },
          "sensitive_attributes": [],
          "private": "eyJlMmJmYjczMC1lY2FhLTExZTYtOGY4OC0zNDM2M2JjN2M0YzAiOnsiY3JlYXRlIjozMDAwMDAwMDAwMDAsImRlbGV0ZSI6MzAwMDAwMDAwMDAwLCJ1cGRhdGUiOjEyMDAwMDAwMDAwMH19",
          "dependencies": [
            "module.vpc.aws_route_table.cloudforce_rtb_public",
            "module.vpc.aws_subnet.cloudforce_publicA",
            "module.vpc.aws_subnet.cloudforce_publicB",
            "module.vpc.aws_vpc.cloudforce_vpc"
          ]
        }
      ]
    },
    {
      "module": "module.vpc",
      "mode": "managed",
      "type": "aws_subnet",
      "name": "cloudforce_privateA",
      "provider": "provider[\"registry.terraform.io/hashicorp/aws\"]",
      "instances": [
        {
          "schema_version": 1,
          "attributes": {
            "arn": "arn:aws:ec2:us-east-1:689587120140:subnet/subnet-0ddee619789c4da7d",
            "assign_ipv6_address_on_creation": false,
            "availability_zone": "us-east-1a",
            "availability_zone_id": "use1-az2",
            "cidr_block": "10.0.2.0/24",
            "customer_owned_ipv4_pool": "",
            "enable_dns64": false,
            "enable_lni_at_device_index": 0,
            "enable_resource_name_dns_a_record_on_launch": false,
            "enable_resource_name_dns_aaaa_record_on_launch": false,
            "id": "subnet-0ddee619789c4da7d",
            "ipv6_cidr_block": "",
            "ipv6_cidr_block_association_id": "",
            "ipv6_native": false,
            "map_customer_owned_ip_on_launch": false,
            "map_public_ip_on_launch": false,
            "outpost_arn": "",
            "owner_id": "689587120140",
            "private_dns_hostname_type_on_launch": "ip-name",
            "tags": {
              "Name": "cloudforce_privateA"
            },
            "tags_all": {
              "Name": "cloudforce_privateA"
            },
            "timeouts": null,
            "vpc_id": "vpc-051d33c1a610f8534"
          },
          "sensitive_attributes": [],
          "private": "eyJlMmJmYjczMC1lY2FhLTExZTYtOGY4OC0zNDM2M2JjN2M0YzAiOnsiY3JlYXRlIjo2MDAwMDAwMDAwMDAsImRlbGV0ZSI6MTIwMDAwMDAwMDAwMH0sInNjaGVtYV92ZXJzaW9uIjoiMSJ9",
          "dependencies": [
            "module.vpc.aws_vpc.cloudforce_vpc"
          ]
        }
      ]
    },
    {
      "module": "module.vpc",
      "mode": "managed",
      "type": "aws_subnet",
      "name": "cloudforce_privateB",
      "provider": "provider[\"registry.terraform.io/hashicorp/aws\"]",
      "instances": [
        {
          "schema_version": 1,
          "attributes": {
            "arn": "arn:aws:ec2:us-east-1:689587120140:subnet/subnet-0f907c72667c5de1b",
            "assign_ipv6_address_on_creation": false,
            "availability_zone": "us-east-1b",
            "availability_zone_id": "use1-az4",
            "cidr_block": "10.0.4.0/24",
            "customer_owned_ipv4_pool": "",
            "enable_dns64": false,
            "enable_lni_at_device_index": 0,
            "enable_resource_name_dns_a_record_on_launch": false,
            "enable_resource_name_dns_aaaa_record_on_launch": false,
            "id": "subnet-0f907c72667c5de1b",
            "ipv6_cidr_block": "",
            "ipv6_cidr_block_association_id": "",
            "ipv6_native": false,
            "map_customer_owned_ip_on_launch": false,
            "map_public_ip_on_launch": false,
            "outpost_arn": "",
            "owner_id": "689587120140",
            "private_dns_hostname_type_on_launch": "ip-name",
            "tags": {
              "Name": "cloudforce_privateB"
            },
            "tags_all": {
              "Name": "cloudforce_privateB"
            },
            "timeouts": null,
            "vpc_id": "vpc-051d33c1a610f8534"
          },
          "sensitive_attributes": [],
          "private": "eyJlMmJmYjczMC1lY2FhLTExZTYtOGY4OC0zNDM2M2JjN2M0YzAiOnsiY3JlYXRlIjo2MDAwMDAwMDAwMDAsImRlbGV0ZSI6MTIwMDAwMDAwMDAwMH0sInNjaGVtYV92ZXJzaW9uIjoiMSJ9",
          "dependencies": [
            "module.vpc.aws_vpc.cloudforce_vpc"
          ]
        }
      ]
    },
    {
      "module": "module.vpc",
      "mode": "managed",
      "type": "aws_subnet",
      "name": "cloudforce_privateC",
      "provider": "provider[\"registry.terraform.io/hashicorp/aws\"]",
      "instances": [
        {
          "schema_version": 1,
          "attributes": {
            "arn": "arn:aws:ec2:us-east-1:689587120140:subnet/subnet-04aa517d19756a44e",
            "assign_ipv6_address_on_creation": false,
            "availability_zone": "us-east-1a",
            "availability_zone_id": "use1-az2",
            "cidr_block": "10.0.5.0/24",
            "customer_owned_ipv4_pool": "",
            "enable_dns64": false,
            "enable_lni_at_device_index": 0,
            "enable_resource_name_dns_a_record_on_launch": false,
            "enable_resource_name_dns_aaaa_record_on_launch": false,
            "id": "subnet-04aa517d19756a44e",
            "ipv6_cidr_block": "",
            "ipv6_cidr_block_association_id": "",
            "ipv6_native": false,
            "map_customer_owned_ip_on_launch": false,
            "map_public_ip_on_launch": false,
            "outpost_arn": "",
            "owner_id": "689587120140",
            "private_dns_hostname_type_on_launch": "ip-name",
            "tags": {
              "Name": "cloudforce_privateC"
            },
            "tags_all": {
              "Name": "cloudforce_privateC"
            },
            "timeouts": null,
            "vpc_id": "vpc-051d33c1a610f8534"
          },
          "sensitive_attributes": [],
          "private": "eyJlMmJmYjczMC1lY2FhLTExZTYtOGY4OC0zNDM2M2JjN2M0YzAiOnsiY3JlYXRlIjo2MDAwMDAwMDAwMDAsImRlbGV0ZSI6MTIwMDAwMDAwMDAwMH0sInNjaGVtYV92ZXJzaW9uIjoiMSJ9",
          "dependencies": [
            "module.vpc.aws_vpc.cloudforce_vpc"
          ]
        }
      ]
    },
    {
      "module": "module.vpc",
      "mode": "managed",
      "type": "aws_subnet",
      "name": "cloudforce_privateD",
      "provider": "provider[\"registry.terraform.io/hashicorp/aws\"]",
      "instances": [
        {
          "schema_version": 1,
          "attributes": {
            "arn": "arn:aws:ec2:us-east-1:689587120140:subnet/subnet-05b9a49c735e56e53",
            "assign_ipv6_address_on_creation": false,
            "availability_zone": "us-east-1b",
            "availability_zone_id": "use1-az4",
            "cidr_block": "10.0.6.0/24",
            "customer_owned_ipv4_pool": "",
            "enable_dns64": false,
            "enable_lni_at_device_index": 0,
            "enable_resource_name_dns_a_record_on_launch": false,
            "enable_resource_name_dns_aaaa_record_on_launch": false,
            "id": "subnet-05b9a49c735e56e53",
            "ipv6_cidr_block": "",
            "ipv6_cidr_block_association_id": "",
            "ipv6_native": false,
            "map_customer_owned_ip_on_launch": false,
            "map_public_ip_on_launch": false,
            "outpost_arn": "",
            "owner_id": "689587120140",
            "private_dns_hostname_type_on_launch": "ip-name",
            "tags": {
              "Name": "cloudforce_privateD"
            },
            "tags_all": {
              "Name": "cloudforce_privateD"
            },
            "timeouts": null,
            "vpc_id": "vpc-051d33c1a610f8534"
          },
          "sensitive_attributes": [],
          "private": "eyJlMmJmYjczMC1lY2FhLTExZTYtOGY4OC0zNDM2M2JjN2M0YzAiOnsiY3JlYXRlIjo2MDAwMDAwMDAwMDAsImRlbGV0ZSI6MTIwMDAwMDAwMDAwMH0sInNjaGVtYV92ZXJzaW9uIjoiMSJ9",
          "dependencies": [
            "module.vpc.aws_vpc.cloudforce_vpc"
          ]
        }
      ]
    },
    {
      "module": "module.vpc",
      "mode": "managed",
      "type": "aws_subnet",
      "name": "cloudforce_publicA",
      "provider": "provider[\"registry.terraform.io/hashicorp/aws\"]",
      "instances": [
        {
          "schema_version": 1,
          "attributes": {
            "arn": "arn:aws:ec2:us-east-1:689587120140:subnet/subnet-01f8affc3903bdd90",
            "assign_ipv6_address_on_creation": false,
            "availability_zone": "us-east-1a",
            "availability_zone_id": "use1-az2",
            "cidr_block": "10.0.1.0/24",
            "customer_owned_ipv4_pool": "",
            "enable_dns64": false,
            "enable_lni_at_device_index": 0,
            "enable_resource_name_dns_a_record_on_launch": false,
            "enable_resource_name_dns_aaaa_record_on_launch": false,
            "id": "subnet-01f8affc3903bdd90",
            "ipv6_cidr_block": "",
            "ipv6_cidr_block_association_id": "",
            "ipv6_native": false,
            "map_customer_owned_ip_on_launch": false,
            "map_public_ip_on_launch": false,
            "outpost_arn": "",
            "owner_id": "689587120140",
            "private_dns_hostname_type_on_launch": "ip-name",
            "tags": {
              "Name": "cloudforce_publicA"
            },
            "tags_all": {
              "Name": "cloudforce_publicA"
            },
            "timeouts": null,
            "vpc_id": "vpc-051d33c1a610f8534"
          },
          "sensitive_attributes": [],
          "private": "eyJlMmJmYjczMC1lY2FhLTExZTYtOGY4OC0zNDM2M2JjN2M0YzAiOnsiY3JlYXRlIjo2MDAwMDAwMDAwMDAsImRlbGV0ZSI6MTIwMDAwMDAwMDAwMH0sInNjaGVtYV92ZXJzaW9uIjoiMSJ9",
          "dependencies": [
            "module.vpc.aws_vpc.cloudforce_vpc"
          ]
        }
      ]
    },
    {
      "module": "module.vpc",
      "mode": "managed",
      "type": "aws_subnet",
      "name": "cloudforce_publicB",
      "provider": "provider[\"registry.terraform.io/hashicorp/aws\"]",
      "instances": [
        {
          "schema_version": 1,
          "attributes": {
            "arn": "arn:aws:ec2:us-east-1:689587120140:subnet/subnet-0e26babe84109837d",
            "assign_ipv6_address_on_creation": false,
            "availability_zone": "us-east-1b",
            "availability_zone_id": "use1-az4",
            "cidr_block": "10.0.3.0/24",
            "customer_owned_ipv4_pool": "",
            "enable_dns64": false,
            "enable_lni_at_device_index": 0,
            "enable_resource_name_dns_a_record_on_launch": false,
            "enable_resource_name_dns_aaaa_record_on_launch": false,
            "id": "subnet-0e26babe84109837d",
            "ipv6_cidr_block": "",
            "ipv6_cidr_block_association_id": "",
            "ipv6_native": false,
            "map_customer_owned_ip_on_launch": false,
            "map_public_ip_on_launch": false,
            "outpost_arn": "",
            "owner_id": "689587120140",
            "private_dns_hostname_type_on_launch": "ip-name",
            "tags": {
              "Name": "cloudforce_publicB"
            },
            "tags_all": {
              "Name": "cloudforce_publicB"
            },
            "timeouts": null,
            "vpc_id": "vpc-051d33c1a610f8534"
          },
          "sensitive_attributes": [],
          "private": "eyJlMmJmYjczMC1lY2FhLTExZTYtOGY4OC0zNDM2M2JjN2M0YzAiOnsiY3JlYXRlIjo2MDAwMDAwMDAwMDAsImRlbGV0ZSI6MTIwMDAwMDAwMDAwMH0sInNjaGVtYV92ZXJzaW9uIjoiMSJ9",
          "dependencies": [
            "module.vpc.aws_vpc.cloudforce_vpc"
          ]
        }
      ]
    },
    {
      "module": "module.vpc",
      "mode": "managed",
      "type": "aws_vpc",
      "name": "cloudforce_vpc",
      "provider": "provider[\"registry.terraform.io/hashicorp/aws\"]",
      "instances": [
        {
          "schema_version": 1,
          "attributes": {
            "arn": "arn:aws:ec2:us-east-1:689587120140:vpc/vpc-051d33c1a610f8534",
            "assign_generated_ipv6_cidr_block": false,
            "cidr_block": "10.0.0.0/16",
            "default_network_acl_id": "acl-055adf5f13483408d",
            "default_route_table_id": "rtb-0c29c5a2cba68d452",
            "default_security_group_id": "sg-0566ec4ed4fbb70f8",
            "dhcp_options_id": "dopt-06ccb9d9cee9df1e4",
            "enable_dns_hostnames": false,
            "enable_dns_support": true,
            "enable_network_address_usage_metrics": false,
            "id": "vpc-051d33c1a610f8534",
            "instance_tenancy": "default",
            "ipv4_ipam_pool_id": null,
            "ipv4_netmask_length": null,
            "ipv6_association_id": "",
            "ipv6_cidr_block": "",
            "ipv6_cidr_block_network_border_group": "",
            "ipv6_ipam_pool_id": "",
            "ipv6_netmask_length": 0,
            "main_route_table_id": "rtb-0c29c5a2cba68d452",
            "owner_id": "689587120140",
            "tags": {
              "Name": "cloudforce_vpc"
            },
            "tags_all": {
              "Name": "cloudforce_vpc"
            }
          },
          "sensitive_attributes": [],
          "private": "eyJzY2hlbWFfdmVyc2lvbiI6IjEifQ==",
          "create_before_destroy": true
        }
      ]
    }
  ],
  "check_results": null
}
